// !$*UTF8*$!
{
	archiveVersion = 1;
	classes = {
	};
	objectVersion = 50;
	objects = {

/* Begin PBXBuildFile section */
		FD89206C2687A6E100C7E60A /* HTTPClient.swift in Sources */ = {isa = PBXBuildFile; fileRef = FD89206B2687A6E100C7E60A /* HTTPClient.swift */; };
		FD89206E2687A78500C7E60A /* FeedItemsMapper.swift in Sources */ = {isa = PBXBuildFile; fileRef = FD89206D2687A78500C7E60A /* FeedItemsMapper.swift */; };
		FD8920712688FBE200C7E60A /* URLSessionHTTPClientTests.swift in Sources */ = {isa = PBXBuildFile; fileRef = FD8920702688FBE200C7E60A /* URLSessionHTTPClientTests.swift */; };
		FD8ECC6726652D3C00E71718 /* AppDelegate.swift in Sources */ = {isa = PBXBuildFile; fileRef = FD8ECC6626652D3C00E71718 /* AppDelegate.swift */; };
		FD8ECC6B26652D3D00E71718 /* Assets.xcassets in Resources */ = {isa = PBXBuildFile; fileRef = FD8ECC6A26652D3D00E71718 /* Assets.xcassets */; };
		FD8ECC6E26652D3D00E71718 /* Main.storyboard in Resources */ = {isa = PBXBuildFile; fileRef = FD8ECC6C26652D3D00E71718 /* Main.storyboard */; };
		FD8ECC7A26652D3D00E71718 /* EssentialFeedTests.swift in Sources */ = {isa = PBXBuildFile; fileRef = FD8ECC7926652D3D00E71718 /* EssentialFeedTests.swift */; };
		FD8ECC9526652DE300E71718 /* FeedLoader.swift in Sources */ = {isa = PBXBuildFile; fileRef = FD8ECC9326652DE300E71718 /* FeedLoader.swift */; };
		FD8ECC9626652DE300E71718 /* FeedItem.swift in Sources */ = {isa = PBXBuildFile; fileRef = FD8ECC9426652DE300E71718 /* FeedItem.swift */; };
		FD930A4526AC6C050095F0E4 /* XCTCaseTrackMemoryLeakTracking.swift in Sources */ = {isa = PBXBuildFile; fileRef = FD930A4426AC6C050095F0E4 /* XCTCaseTrackMemoryLeakTracking.swift */; };
		FDFCFF522669C8D7004C487D /* RemoteFeedLoader.swift in Sources */ = {isa = PBXBuildFile; fileRef = FDFCFF512669C8D7004C487D /* RemoteFeedLoader.swift */; };
/* End PBXBuildFile section */

/* Begin PBXContainerItemProxy section */
		FD8ECC7626652D3D00E71718 /* PBXContainerItemProxy */ = {
			isa = PBXContainerItemProxy;
			containerPortal = FD8ECC5B26652D3C00E71718 /* Project object */;
			proxyType = 1;
			remoteGlobalIDString = FD8ECC6226652D3C00E71718;
			remoteInfo = EssentialFeed;
		};
/* End PBXContainerItemProxy section */

/* Begin PBXFileReference section */
		FD89206B2687A6E100C7E60A /* HTTPClient.swift */ = {isa = PBXFileReference; lastKnownFileType = sourcecode.swift; path = HTTPClient.swift; sourceTree = "<group>"; };
		FD89206D2687A78500C7E60A /* FeedItemsMapper.swift */ = {isa = PBXFileReference; lastKnownFileType = sourcecode.swift; path = FeedItemsMapper.swift; sourceTree = "<group>"; };
		FD8920702688FBE200C7E60A /* URLSessionHTTPClientTests.swift */ = {isa = PBXFileReference; lastKnownFileType = sourcecode.swift; path = URLSessionHTTPClientTests.swift; sourceTree = "<group>"; };
		FD8ECC6326652D3C00E71718 /* EssentialFeed.app */ = {isa = PBXFileReference; explicitFileType = wrapper.application; includeInIndex = 0; path = EssentialFeed.app; sourceTree = BUILT_PRODUCTS_DIR; };
		FD8ECC6626652D3C00E71718 /* AppDelegate.swift */ = {isa = PBXFileReference; lastKnownFileType = sourcecode.swift; path = AppDelegate.swift; sourceTree = "<group>"; };
		FD8ECC6A26652D3D00E71718 /* Assets.xcassets */ = {isa = PBXFileReference; lastKnownFileType = folder.assetcatalog; path = Assets.xcassets; sourceTree = "<group>"; };
		FD8ECC6D26652D3D00E71718 /* Base */ = {isa = PBXFileReference; lastKnownFileType = file.storyboard; name = Base; path = Base.lproj/Main.storyboard; sourceTree = "<group>"; };
		FD8ECC6F26652D3D00E71718 /* Info.plist */ = {isa = PBXFileReference; lastKnownFileType = text.plist.xml; path = Info.plist; sourceTree = "<group>"; };
		FD8ECC7026652D3D00E71718 /* EssentialFeed.entitlements */ = {isa = PBXFileReference; lastKnownFileType = text.plist.entitlements; path = EssentialFeed.entitlements; sourceTree = "<group>"; };
		FD8ECC7526652D3D00E71718 /* EssentialFeedTests.xctest */ = {isa = PBXFileReference; explicitFileType = wrapper.cfbundle; includeInIndex = 0; path = EssentialFeedTests.xctest; sourceTree = BUILT_PRODUCTS_DIR; };
		FD8ECC7926652D3D00E71718 /* EssentialFeedTests.swift */ = {isa = PBXFileReference; lastKnownFileType = sourcecode.swift; path = EssentialFeedTests.swift; sourceTree = "<group>"; };
		FD8ECC7B26652D3D00E71718 /* Info.plist */ = {isa = PBXFileReference; lastKnownFileType = text.plist.xml; path = Info.plist; sourceTree = "<group>"; };
		FD8ECC9326652DE300E71718 /* FeedLoader.swift */ = {isa = PBXFileReference; fileEncoding = 4; lastKnownFileType = sourcecode.swift; path = FeedLoader.swift; sourceTree = "<group>"; };
		FD8ECC9426652DE300E71718 /* FeedItem.swift */ = {isa = PBXFileReference; fileEncoding = 4; lastKnownFileType = sourcecode.swift; path = FeedItem.swift; sourceTree = "<group>"; };
		FD930A4426AC6C050095F0E4 /* XCTCaseTrackMemoryLeakTracking.swift */ = {isa = PBXFileReference; lastKnownFileType = sourcecode.swift; path = XCTCaseTrackMemoryLeakTracking.swift; sourceTree = "<group>"; };
		FDFCFF512669C8D7004C487D /* RemoteFeedLoader.swift */ = {isa = PBXFileReference; lastKnownFileType = sourcecode.swift; path = RemoteFeedLoader.swift; sourceTree = "<group>"; };
/* End PBXFileReference section */

/* Begin PBXFrameworksBuildPhase section */
		FD8ECC6026652D3C00E71718 /* Frameworks */ = {
			isa = PBXFrameworksBuildPhase;
			buildActionMask = 2147483647;
			files = (
			);
			runOnlyForDeploymentPostprocessing = 0;
		};
		FD8ECC7226652D3D00E71718 /* Frameworks */ = {
			isa = PBXFrameworksBuildPhase;
			buildActionMask = 2147483647;
			files = (
			);
			runOnlyForDeploymentPostprocessing = 0;
		};
/* End PBXFrameworksBuildPhase section */

/* Begin PBXGroup section */
		FD89206F2687C97A00C7E60A /* Feed API */ = {
			isa = PBXGroup;
			children = (
				FD930A4326AC6BE80095F0E4 /* Helpers */,
				FD8ECC7926652D3D00E71718 /* EssentialFeedTests.swift */,
				FD8920702688FBE200C7E60A /* URLSessionHTTPClientTests.swift */,
			);
			path = "Feed API";
			sourceTree = "<group>";
		};
		FD8ECC5A26652D3C00E71718 = {
			isa = PBXGroup;
			children = (
				FD8ECC6526652D3C00E71718 /* EssentialFeed */,
				FD8ECC7826652D3D00E71718 /* EssentialFeedTests */,
				FD8ECC6426652D3C00E71718 /* Products */,
			);
			sourceTree = "<group>";
		};
		FD8ECC6426652D3C00E71718 /* Products */ = {
			isa = PBXGroup;
			children = (
				FD8ECC6326652D3C00E71718 /* EssentialFeed.app */,
				FD8ECC7526652D3D00E71718 /* EssentialFeedTests.xctest */,
			);
			name = Products;
			sourceTree = "<group>";
		};
		FD8ECC6526652D3C00E71718 /* EssentialFeed */ = {
			isa = PBXGroup;
			children = (
				FD8ECC6626652D3C00E71718 /* AppDelegate.swift */,
				FDFCFF532669C8DE004C487D /* Feed API */,
				FD8ECC9226652DE300E71718 /* FeedFeature */,
				FD8ECC6A26652D3D00E71718 /* Assets.xcassets */,
				FD8ECC6C26652D3D00E71718 /* Main.storyboard */,
				FD8ECC6F26652D3D00E71718 /* Info.plist */,
				FD8ECC7026652D3D00E71718 /* EssentialFeed.entitlements */,
			);
			path = EssentialFeed;
			sourceTree = "<group>";
		};
		FD8ECC7826652D3D00E71718 /* EssentialFeedTests */ = {
			isa = PBXGroup;
			children = (
				FD89206F2687C97A00C7E60A /* Feed API */,
				FD8ECC7B26652D3D00E71718 /* Info.plist */,
			);
			path = EssentialFeedTests;
			sourceTree = "<group>";
		};
		FD8ECC9226652DE300E71718 /* FeedFeature */ = {
			isa = PBXGroup;
			children = (
				FD8ECC9326652DE300E71718 /* FeedLoader.swift */,
				FD8ECC9426652DE300E71718 /* FeedItem.swift */,
			);
			path = FeedFeature;
			sourceTree = "<group>";
		};
		FD930A4326AC6BE80095F0E4 /* Helpers */ = {
			isa = PBXGroup;
			children = (
				FD930A4426AC6C050095F0E4 /* XCTCaseTrackMemoryLeakTracking.swift */,
			);
			path = Helpers;
			sourceTree = "<group>";
		};
		FDFCFF532669C8DE004C487D /* Feed API */ = {
			isa = PBXGroup;
			children = (
				FDFCFF512669C8D7004C487D /* RemoteFeedLoader.swift */,
				FD89206D2687A78500C7E60A /* FeedItemsMapper.swift */,
				FD89206B2687A6E100C7E60A /* HTTPClient.swift */,
			);
			path = "Feed API";
			sourceTree = "<group>";
		};
/* End PBXGroup section */

/* Begin PBXNativeTarget section */
		FD8ECC6226652D3C00E71718 /* EssentialFeed */ = {
			isa = PBXNativeTarget;
			buildConfigurationList = FD8ECC8926652D3D00E71718 /* Build configuration list for PBXNativeTarget "EssentialFeed" */;
			buildPhases = (
				FD8ECC5F26652D3C00E71718 /* Sources */,
				FD8ECC6026652D3C00E71718 /* Frameworks */,
				FD8ECC6126652D3C00E71718 /* Resources */,
			);
			buildRules = (
			);
			dependencies = (
			);
			name = EssentialFeed;
			productName = EssentialFeed;
			productReference = FD8ECC6326652D3C00E71718 /* EssentialFeed.app */;
			productType = "com.apple.product-type.application";
		};
		FD8ECC7426652D3D00E71718 /* EssentialFeedTests */ = {
			isa = PBXNativeTarget;
			buildConfigurationList = FD8ECC8C26652D3D00E71718 /* Build configuration list for PBXNativeTarget "EssentialFeedTests" */;
			buildPhases = (
				FD8ECC7126652D3D00E71718 /* Sources */,
				FD8ECC7226652D3D00E71718 /* Frameworks */,
				FD8ECC7326652D3D00E71718 /* Resources */,
			);
			buildRules = (
			);
			dependencies = (
				FD8ECC7726652D3D00E71718 /* PBXTargetDependency */,
			);
			name = EssentialFeedTests;
			productName = EssentialFeedTests;
			productReference = FD8ECC7526652D3D00E71718 /* EssentialFeedTests.xctest */;
			productType = "com.apple.product-type.bundle.unit-test";
		};
/* End PBXNativeTarget section */

/* Begin PBXProject section */
		FD8ECC5B26652D3C00E71718 /* Project object */ = {
			isa = PBXProject;
			attributes = {
				LastSwiftUpdateCheck = 1250;
				LastUpgradeCheck = 1250;
				TargetAttributes = {
					FD8ECC6226652D3C00E71718 = {
						CreatedOnToolsVersion = 12.5;
					};
					FD8ECC7426652D3D00E71718 = {
						CreatedOnToolsVersion = 12.5;
						TestTargetID = FD8ECC6226652D3C00E71718;
					};
				};
			};
			buildConfigurationList = FD8ECC5E26652D3C00E71718 /* Build configuration list for PBXProject "EssentialFeed" */;
			compatibilityVersion = "Xcode 9.3";
			developmentRegion = en;
			hasScannedForEncodings = 0;
			knownRegions = (
				en,
				Base,
			);
			mainGroup = FD8ECC5A26652D3C00E71718;
			productRefGroup = FD8ECC6426652D3C00E71718 /* Products */;
			projectDirPath = "";
			projectRoot = "";
			targets = (
				FD8ECC6226652D3C00E71718 /* EssentialFeed */,
				FD8ECC7426652D3D00E71718 /* EssentialFeedTests */,
			);
		};
/* End PBXProject section */

/* Begin PBXResourcesBuildPhase section */
		FD8ECC6126652D3C00E71718 /* Resources */ = {
			isa = PBXResourcesBuildPhase;
			buildActionMask = 2147483647;
			files = (
				FD8ECC6B26652D3D00E71718 /* Assets.xcassets in Resources */,
				FD8ECC6E26652D3D00E71718 /* Main.storyboard in Resources */,
			);
			runOnlyForDeploymentPostprocessing = 0;
		};
		FD8ECC7326652D3D00E71718 /* Resources */ = {
			isa = PBXResourcesBuildPhase;
			buildActionMask = 2147483647;
			files = (
			);
			runOnlyForDeploymentPostprocessing = 0;
		};
/* End PBXResourcesBuildPhase section */

/* Begin PBXSourcesBuildPhase section */
		FD8ECC5F26652D3C00E71718 /* Sources */ = {
			isa = PBXSourcesBuildPhase;
			buildActionMask = 2147483647;
			files = (
				FDFCFF522669C8D7004C487D /* RemoteFeedLoader.swift in Sources */,
				FD89206C2687A6E100C7E60A /* HTTPClient.swift in Sources */,
				FD8ECC9626652DE300E71718 /* FeedItem.swift in Sources */,
				FD89206E2687A78500C7E60A /* FeedItemsMapper.swift in Sources */,
				FD8ECC9526652DE300E71718 /* FeedLoader.swift in Sources */,
				FD8ECC6726652D3C00E71718 /* AppDelegate.swift in Sources */,
			);
			runOnlyForDeploymentPostprocessing = 0;
		};
		FD8ECC7126652D3D00E71718 /* Sources */ = {
			isa = PBXSourcesBuildPhase;
			buildActionMask = 2147483647;
			files = (
				FD8ECC7A26652D3D00E71718 /* EssentialFeedTests.swift in Sources */,
				FD8920712688FBE200C7E60A /* URLSessionHTTPClientTests.swift in Sources */,
				FD930A4526AC6C050095F0E4 /* XCTCaseTrackMemoryLeakTracking.swift in Sources */,
			);
			runOnlyForDeploymentPostprocessing = 0;
		};
/* End PBXSourcesBuildPhase section */

/* Begin PBXTargetDependency section */
		FD8ECC7726652D3D00E71718 /* PBXTargetDependency */ = {
			isa = PBXTargetDependency;
			target = FD8ECC6226652D3C00E71718 /* EssentialFeed */;
			targetProxy = FD8ECC7626652D3D00E71718 /* PBXContainerItemProxy */;
		};
/* End PBXTargetDependency section */

/* Begin PBXVariantGroup section */
		FD8ECC6C26652D3D00E71718 /* Main.storyboard */ = {
			isa = PBXVariantGroup;
			children = (
				FD8ECC6D26652D3D00E71718 /* Base */,
			);
			name = Main.storyboard;
			sourceTree = "<group>";
		};
/* End PBXVariantGroup section */

/* Begin XCBuildConfiguration section */
		FD8ECC8726652D3D00E71718 /* Debug */ = {
			isa = XCBuildConfiguration;
			buildSettings = {
				ALWAYS_SEARCH_USER_PATHS = NO;
				CLANG_ANALYZER_NONNULL = YES;
				CLANG_ANALYZER_NUMBER_OBJECT_CONVERSION = YES_AGGRESSIVE;
				CLANG_CXX_LANGUAGE_STANDARD = "gnu++14";
				CLANG_CXX_LIBRARY = "libc++";
				CLANG_ENABLE_MODULES = YES;
				CLANG_ENABLE_OBJC_ARC = YES;
				CLANG_ENABLE_OBJC_WEAK = YES;
				CLANG_WARN_BLOCK_CAPTURE_AUTORELEASING = YES;
				CLANG_WARN_BOOL_CONVERSION = YES;
				CLANG_WARN_COMMA = YES;
				CLANG_WARN_CONSTANT_CONVERSION = YES;
				CLANG_WARN_DEPRECATED_OBJC_IMPLEMENTATIONS = YES;
				CLANG_WARN_DIRECT_OBJC_ISA_USAGE = YES_ERROR;
				CLANG_WARN_DOCUMENTATION_COMMENTS = YES;
				CLANG_WARN_EMPTY_BODY = YES;
				CLANG_WARN_ENUM_CONVERSION = YES;
				CLANG_WARN_INFINITE_RECURSION = YES;
				CLANG_WARN_INT_CONVERSION = YES;
				CLANG_WARN_NON_LITERAL_NULL_CONVERSION = YES;
				CLANG_WARN_OBJC_IMPLICIT_RETAIN_SELF = YES;
				CLANG_WARN_OBJC_LITERAL_CONVERSION = YES;
				CLANG_WARN_OBJC_ROOT_CLASS = YES_ERROR;
				CLANG_WARN_QUOTED_INCLUDE_IN_FRAMEWORK_HEADER = YES;
				CLANG_WARN_RANGE_LOOP_ANALYSIS = YES;
				CLANG_WARN_STRICT_PROTOTYPES = YES;
				CLANG_WARN_SUSPICIOUS_MOVE = YES;
				CLANG_WARN_UNGUARDED_AVAILABILITY = YES_AGGRESSIVE;
				CLANG_WARN_UNREACHABLE_CODE = YES;
				CLANG_WARN__DUPLICATE_METHOD_MATCH = YES;
				COPY_PHASE_STRIP = NO;
				DEBUG_INFORMATION_FORMAT = dwarf;
				ENABLE_STRICT_OBJC_MSGSEND = YES;
				ENABLE_TESTABILITY = YES;
				GCC_C_LANGUAGE_STANDARD = gnu11;
				GCC_DYNAMIC_NO_PIC = NO;
				GCC_NO_COMMON_BLOCKS = YES;
				GCC_OPTIMIZATION_LEVEL = 0;
				GCC_PREPROCESSOR_DEFINITIONS = (
					"DEBUG=1",
					"$(inherited)",
				);
				GCC_WARN_64_TO_32_BIT_CONVERSION = YES;
				GCC_WARN_ABOUT_RETURN_TYPE = YES_ERROR;
				GCC_WARN_UNDECLARED_SELECTOR = YES;
				GCC_WARN_UNINITIALIZED_AUTOS = YES_AGGRESSIVE;
				GCC_WARN_UNUSED_FUNCTION = YES;
				GCC_WARN_UNUSED_VARIABLE = YES;
				MACOSX_DEPLOYMENT_TARGET = 11.3;
				MTL_ENABLE_DEBUG_INFO = INCLUDE_SOURCE;
				MTL_FAST_MATH = YES;
				ONLY_ACTIVE_ARCH = YES;
				SDKROOT = macosx;
				SWIFT_ACTIVE_COMPILATION_CONDITIONS = DEBUG;
				SWIFT_OPTIMIZATION_LEVEL = "-Onone";
			};
			name = Debug;
		};
		FD8ECC8826652D3D00E71718 /* Release */ = {
			isa = XCBuildConfiguration;
			buildSettings = {
				ALWAYS_SEARCH_USER_PATHS = NO;
				CLANG_ANALYZER_NONNULL = YES;
				CLANG_ANALYZER_NUMBER_OBJECT_CONVERSION = YES_AGGRESSIVE;
				CLANG_CXX_LANGUAGE_STANDARD = "gnu++14";
				CLANG_CXX_LIBRARY = "libc++";
				CLANG_ENABLE_MODULES = YES;
				CLANG_ENABLE_OBJC_ARC = YES;
				CLANG_ENABLE_OBJC_WEAK = YES;
				CLANG_WARN_BLOCK_CAPTURE_AUTORELEASING = YES;
				CLANG_WARN_BOOL_CONVERSION = YES;
				CLANG_WARN_COMMA = YES;
				CLANG_WARN_CONSTANT_CONVERSION = YES;
				CLANG_WARN_DEPRECATED_OBJC_IMPLEMENTATIONS = YES;
				CLANG_WARN_DIRECT_OBJC_ISA_USAGE = YES_ERROR;
				CLANG_WARN_DOCUMENTATION_COMMENTS = YES;
				CLANG_WARN_EMPTY_BODY = YES;
				CLANG_WARN_ENUM_CONVERSION = YES;
				CLANG_WARN_INFINITE_RECURSION = YES;
				CLANG_WARN_INT_CONVERSION = YES;
				CLANG_WARN_NON_LITERAL_NULL_CONVERSION = YES;
				CLANG_WARN_OBJC_IMPLICIT_RETAIN_SELF = YES;
				CLANG_WARN_OBJC_LITERAL_CONVERSION = YES;
				CLANG_WARN_OBJC_ROOT_CLASS = YES_ERROR;
				CLANG_WARN_QUOTED_INCLUDE_IN_FRAMEWORK_HEADER = YES;
				CLANG_WARN_RANGE_LOOP_ANALYSIS = YES;
				CLANG_WARN_STRICT_PROTOTYPES = YES;
				CLANG_WARN_SUSPICIOUS_MOVE = YES;
				CLANG_WARN_UNGUARDED_AVAILABILITY = YES_AGGRESSIVE;
				CLANG_WARN_UNREACHABLE_CODE = YES;
				CLANG_WARN__DUPLICATE_METHOD_MATCH = YES;
				COPY_PHASE_STRIP = NO;
				DEBUG_INFORMATION_FORMAT = "dwarf-with-dsym";
				ENABLE_NS_ASSERTIONS = NO;
				ENABLE_STRICT_OBJC_MSGSEND = YES;
				GCC_C_LANGUAGE_STANDARD = gnu11;
				GCC_NO_COMMON_BLOCKS = YES;
				GCC_WARN_64_TO_32_BIT_CONVERSION = YES;
				GCC_WARN_ABOUT_RETURN_TYPE = YES_ERROR;
				GCC_WARN_UNDECLARED_SELECTOR = YES;
				GCC_WARN_UNINITIALIZED_AUTOS = YES_AGGRESSIVE;
				GCC_WARN_UNUSED_FUNCTION = YES;
				GCC_WARN_UNUSED_VARIABLE = YES;
				MACOSX_DEPLOYMENT_TARGET = 11.3;
				MTL_ENABLE_DEBUG_INFO = NO;
				MTL_FAST_MATH = YES;
				SDKROOT = macosx;
				SWIFT_COMPILATION_MODE = wholemodule;
				SWIFT_OPTIMIZATION_LEVEL = "-O";
			};
			name = Release;
		};
		FD8ECC8A26652D3D00E71718 /* Debug */ = {
			isa = XCBuildConfiguration;
			buildSettings = {
				ASSETCATALOG_COMPILER_APPICON_NAME = AppIcon;
				ASSETCATALOG_COMPILER_GLOBAL_ACCENT_COLOR_NAME = AccentColor;
				CODE_SIGN_ENTITLEMENTS = EssentialFeed/EssentialFeed.entitlements;
				CODE_SIGN_STYLE = Automatic;
				COMBINE_HIDPI_IMAGES = YES;
				DEVELOPMENT_TEAM = LX84G6PTJX;
				ENABLE_HARDENED_RUNTIME = YES;
				INFOPLIST_FILE = EssentialFeed/Info.plist;
				LD_RUNPATH_SEARCH_PATHS = (
					"$(inherited)",
					"@executable_path/../Frameworks",
				);
				PRODUCT_BUNDLE_IDENTIFIER = eddyash.EssentialFeed;
				PRODUCT_NAME = "$(TARGET_NAME)";
				SWIFT_VERSION = 5.0;
			};
			name = Debug;
		};
		FD8ECC8B26652D3D00E71718 /* Release */ = {
			isa = XCBuildConfiguration;
			buildSettings = {
				ASSETCATALOG_COMPILER_APPICON_NAME = AppIcon;
				ASSETCATALOG_COMPILER_GLOBAL_ACCENT_COLOR_NAME = AccentColor;
				CODE_SIGN_ENTITLEMENTS = EssentialFeed/EssentialFeed.entitlements;
				CODE_SIGN_STYLE = Automatic;
				COMBINE_HIDPI_IMAGES = YES;
				DEVELOPMENT_TEAM = LX84G6PTJX;
				ENABLE_HARDENED_RUNTIME = YES;
				INFOPLIST_FILE = EssentialFeed/Info.plist;
				LD_RUNPATH_SEARCH_PATHS = (
					"$(inherited)",
					"@executable_path/../Frameworks",
				);
				PRODUCT_BUNDLE_IDENTIFIER = eddyash.EssentialFeed;
				PRODUCT_NAME = "$(TARGET_NAME)";
				SWIFT_VERSION = 5.0;
			};
			name = Release;
		};
		FD8ECC8D26652D3D00E71718 /* Debug */ = {
			isa = XCBuildConfiguration;
			buildSettings = {
				ALWAYS_EMBED_SWIFT_STANDARD_LIBRARIES = YES;
				BUNDLE_LOADER = "$(TEST_HOST)";
				CODE_SIGN_STYLE = Automatic;
				COMBINE_HIDPI_IMAGES = YES;
				DEVELOPMENT_TEAM = LX84G6PTJX;
				INFOPLIST_FILE = EssentialFeedTests/Info.plist;
				LD_RUNPATH_SEARCH_PATHS = (
					"$(inherited)",
					"@executable_path/../Frameworks",
					"@loader_path/../Frameworks",
				);
				MACOSX_DEPLOYMENT_TARGET = 11.3;
				PRODUCT_BUNDLE_IDENTIFIER = eddyash.EssentialFeedTests;
				PRODUCT_NAME = "$(TARGET_NAME)";
				SWIFT_VERSION = 5.0;
				TEST_HOST = "$(BUILT_PRODUCTS_DIR)/EssentialFeed.app/Contents/MacOS/EssentialFeed";
			};
			name = Debug;
		};
		FD8ECC8E26652D3D00E71718 /* Release */ = {
			isa = XCBuildConfiguration;
			buildSettings = {
				ALWAYS_EMBED_SWIFT_STANDARD_LIBRARIES = YES;
				BUNDLE_LOADER = "$(TEST_HOST)";
				CODE_SIGN_STYLE = Automatic;
				COMBINE_HIDPI_IMAGES = YES;
				DEVELOPMENT_TEAM = LX84G6PTJX;
				INFOPLIST_FILE = EssentialFeedTests/Info.plist;
				LD_RUNPATH_SEARCH_PATHS = (
					"$(inherited)",
					"@executable_path/../Frameworks",
					"@loader_path/../Frameworks",
				);
				MACOSX_DEPLOYMENT_TARGET = 11.3;
				PRODUCT_BUNDLE_IDENTIFIER = eddyash.EssentialFeedTests;
				PRODUCT_NAME = "$(TARGET_NAME)";
				SWIFT_VERSION = 5.0;
				TEST_HOST = "$(BUILT_PRODUCTS_DIR)/EssentialFeed.app/Contents/MacOS/EssentialFeed";
			};
			name = Release;
		};
/* End XCBuildConfiguration section */

/* Begin XCConfigurationList section */
		FD8ECC5E26652D3C00E71718 /* Build configuration list for PBXProject "EssentialFeed" */ = {
			isa = XCConfigurationList;
			buildConfigurations = (
				FD8ECC8726652D3D00E71718 /* Debug */,
				FD8ECC8826652D3D00E71718 /* Release */,
			);
			defaultConfigurationIsVisible = 0;
			defaultConfigurationName = Release;
		};
		FD8ECC8926652D3D00E71718 /* Build configuration list for PBXNativeTarget "EssentialFeed" */ = {
			isa = XCConfigurationList;
			buildConfigurations = (
				FD8ECC8A26652D3D00E71718 /* Debug */,
				FD8ECC8B26652D3D00E71718 /* Release */,
			);
			defaultConfigurationIsVisible = 0;
			defaultConfigurationName = Release;
		};
		FD8ECC8C26652D3D00E71718 /* Build configuration list for PBXNativeTarget "EssentialFeedTests" */ = {
			isa = XCConfigurationList;
			buildConfigurations = (
				FD8ECC8D26652D3D00E71718 /* Debug */,
				FD8ECC8E26652D3D00E71718 /* Release */,
			);
			defaultConfigurationIsVisible = 0;
			defaultConfigurationName = Release;
		};
/* End XCConfigurationList section */
	};
	rootObject = FD8ECC5B26652D3C00E71718 /* Project object */;
}
