// !$*UTF8*$!
{
	archiveVersion = 1;
	classes = {
	};
	objectVersion = 52;
	objects = {

/* Begin PBXBuildFile section */
		FD35602C2741DC9100E3B852 /* XCTCaseTrackMemoryLeakTracking.swift in Sources */ = {isa = PBXBuildFile; fileRef = FD930A4426AC6C050095F0E4 /* XCTCaseTrackMemoryLeakTracking.swift */; };
		FD35602E2741DC9100E3B852 /* SharedTestHelpers.swift in Sources */ = {isa = PBXBuildFile; fileRef = FD8C182326C4C46B004C8421 /* SharedTestHelpers.swift */; };
		FD35CD3527822BF000811907 /* FeedImageDataLoader.swift in Sources */ = {isa = PBXBuildFile; fileRef = FD35CD3427822BF000811907 /* FeedImageDataLoader.swift */; };
		FD35CD3D27822E5100811907 /* UIImage+TestHelpers.swift in Sources */ = {isa = PBXBuildFile; fileRef = FD35CD3C27822E5100811907 /* UIImage+TestHelpers.swift */; };
		FD35CD4027822E9E00811907 /* UIRefreshControl+TestHelpers.swift in Sources */ = {isa = PBXBuildFile; fileRef = FD35CD3F27822E9E00811907 /* UIRefreshControl+TestHelpers.swift */; };
		FD35CD4227822ED500811907 /* UIButton+TestHelpers.swift in Sources */ = {isa = PBXBuildFile; fileRef = FD35CD4127822ED500811907 /* UIButton+TestHelpers.swift */; };
		FD35CD4427822F1B00811907 /* UIControl+TestHelpers.swift in Sources */ = {isa = PBXBuildFile; fileRef = FD35CD4327822F1B00811907 /* UIControl+TestHelpers.swift */; };
		FD35CD4727822FEC00811907 /* FeedViewController+TestHelpers.swift in Sources */ = {isa = PBXBuildFile; fileRef = FD35CD4627822FEC00811907 /* FeedViewController+TestHelpers.swift */; };
		FD35CD4C2782311D00811907 /* FeedImageDataLoader.swift in Sources */ = {isa = PBXBuildFile; fileRef = FD35CD3427822BF000811907 /* FeedImageDataLoader.swift */; };
		FD35CD4F2782322800811907 /* FeedImageCell+TestHelpers.swift in Sources */ = {isa = PBXBuildFile; fileRef = FD35CD4E2782322800811907 /* FeedImageCell+TestHelpers.swift */; };
		FD35CD512782327B00811907 /* FeedViewControllerTests+LoaderSpy.swift in Sources */ = {isa = PBXBuildFile; fileRef = FD35CD502782327B00811907 /* FeedViewControllerTests+LoaderSpy.swift */; };
		FD35CD532782336300811907 /* FeedViewControllerTests+Assertions.swift in Sources */ = {isa = PBXBuildFile; fileRef = FD35CD522782336300811907 /* FeedViewControllerTests+Assertions.swift */; };
		FD35CD6227823CAC00811907 /* FeedImageCellController.swift in Sources */ = {isa = PBXBuildFile; fileRef = FD35CD5D278239FA00811907 /* FeedImageCellController.swift */; };
		FD35CD6827824B3500811907 /* FeedImageCellController.swift in Sources */ = {isa = PBXBuildFile; fileRef = FD35CD5D278239FA00811907 /* FeedImageCellController.swift */; };
		FD35CD982783B0E600811907 /* FeedUIComposer.swift in Sources */ = {isa = PBXBuildFile; fileRef = FD35CD63278249C600811907 /* FeedUIComposer.swift */; };
		FD35CD9A2783B17300811907 /* FeedUIComposer.swift in Sources */ = {isa = PBXBuildFile; fileRef = FD35CD63278249C600811907 /* FeedUIComposer.swift */; };
		FD35CD9B2783B1BA00811907 /* FeedViewController.swift in Sources */ = {isa = PBXBuildFile; fileRef = FD35CD3627822C2400811907 /* FeedViewController.swift */; };
		FD35CD9C2783B1BA00811907 /* FeedViewController.swift in Sources */ = {isa = PBXBuildFile; fileRef = FD35CD3627822C2400811907 /* FeedViewController.swift */; };
		FD8920712688FBE200C7E60A /* URLSessionHTTPClientTests.swift in Sources */ = {isa = PBXBuildFile; fileRef = FD8920702688FBE200C7E60A /* URLSessionHTTPClientTests.swift */; };
		FD8C182226C4C3AA004C8421 /* FeedCacheTestHelpers.swift in Sources */ = {isa = PBXBuildFile; fileRef = FD8C182126C4C3AA004C8421 /* FeedCacheTestHelpers.swift */; };
		FD8C182726C4C569004C8421 /* SharedTestHelpers.swift in Sources */ = {isa = PBXBuildFile; fileRef = FD8C182326C4C46B004C8421 /* SharedTestHelpers.swift */; };
		FD8C182826C4C569004C8421 /* SharedTestHelpers.swift in Sources */ = {isa = PBXBuildFile; fileRef = FD8C182326C4C46B004C8421 /* SharedTestHelpers.swift */; };
		FD8ECC7A26652D3D00E71718 /* EssentialFeedTests.swift in Sources */ = {isa = PBXBuildFile; fileRef = FD8ECC7926652D3D00E71718 /* EssentialFeedTests.swift */; };
		FD930A4526AC6C050095F0E4 /* XCTCaseTrackMemoryLeakTracking.swift in Sources */ = {isa = PBXBuildFile; fileRef = FD930A4426AC6C050095F0E4 /* XCTCaseTrackMemoryLeakTracking.swift */; };
		FD930A5626AE1D490095F0E4 /* XCTCaseTrackMemoryLeakTracking.swift in Sources */ = {isa = PBXBuildFile; fileRef = FD930A4426AC6C050095F0E4 /* XCTCaseTrackMemoryLeakTracking.swift */; };
		FD9FD5F82789EEDC00B7A5EE /* FeedPresenter.swift in Sources */ = {isa = PBXBuildFile; fileRef = FD9FD5F72789EEDC00B7A5EE /* FeedPresenter.swift */; };
		FD9FD5F92789F03900B7A5EE /* FeedPresenter.swift in Sources */ = {isa = PBXBuildFile; fileRef = FD9FD5F72789EEDC00B7A5EE /* FeedPresenter.swift */; };
		FD9FD5FB278B409100B7A5EE /* FeedImagePresenter.swift in Sources */ = {isa = PBXBuildFile; fileRef = FD9FD5FA278B409100B7A5EE /* FeedImagePresenter.swift */; };
		FD9FD601278B42CE00B7A5EE /* FeedImageViewModel.swift in Sources */ = {isa = PBXBuildFile; fileRef = FD9FD5FC278B40BB00B7A5EE /* FeedImageViewModel.swift */; };
		FD9FD602278B42D600B7A5EE /* FeedImagePresenter.swift in Sources */ = {isa = PBXBuildFile; fileRef = FD9FD5FA278B409100B7A5EE /* FeedImagePresenter.swift */; };
		FD9FD603278B42D900B7A5EE /* FeedImageViewModel.swift in Sources */ = {isa = PBXBuildFile; fileRef = FD9FD5FC278B40BB00B7A5EE /* FeedImageViewModel.swift */; };
		FDE3AE4F2798768500E850E1 /* UIImageView+Animations.swift in Sources */ = {isa = PBXBuildFile; fileRef = FDE3AE4E2798768500E850E1 /* UIImageView+Animations.swift */; };
		FDEB91BD26E2A54100C22894 /* FeedStoreSpecs.swift in Sources */ = {isa = PBXBuildFile; fileRef = FDEB91BC26E2A54100C22894 /* FeedStoreSpecs.swift */; };
		FDEB91BF26E2A75000C22894 /* XCTestCase+FeedStoreSpecs.swift in Sources */ = {isa = PBXBuildFile; fileRef = FDEB91BE26E2A75000C22894 /* XCTestCase+FeedStoreSpecs.swift */; };
		FDF660A8277D7508003BD0BB /* FeedCachePolicy.swift in Sources */ = {isa = PBXBuildFile; fileRef = FD8C182926C57B77004C8421 /* FeedCachePolicy.swift */; };
		FDF660A9277D7508003BD0BB /* LocalFeedLoader.swift in Sources */ = {isa = PBXBuildFile; fileRef = FD3A462726BD9ACA00030129 /* LocalFeedLoader.swift */; };
		FDF660AA277D7508003BD0BB /* LocalFeedImage.swift in Sources */ = {isa = PBXBuildFile; fileRef = FDD7025526C194D900C8379E /* LocalFeedImage.swift */; };
		FDF660AB277D7508003BD0BB /* FeedStore.swift in Sources */ = {isa = PBXBuildFile; fileRef = FD3A462926BD9BA400030129 /* FeedStore.swift */; };
		FDF660AF277D750E003BD0BB /* ManagedFeedImage.swift in Sources */ = {isa = PBXBuildFile; fileRef = FD355E75273E17CF00E3B852 /* ManagedFeedImage.swift */; };
		FDF660B0277D750E003BD0BB /* ManagedCache.swift in Sources */ = {isa = PBXBuildFile; fileRef = FD355E69273DDBBB00E3B852 /* ManagedCache.swift */; };
		FDF660B2277D750E003BD0BB /* CoreDataHelpers.swift in Sources */ = {isa = PBXBuildFile; fileRef = FD355E72273E171600E3B852 /* CoreDataHelpers.swift */; };
		FDF660B3277D7512003BD0BB /* FeedItemsMapper.swift in Sources */ = {isa = PBXBuildFile; fileRef = FD89206D2687A78500C7E60A /* FeedItemsMapper.swift */; };
		FDF660B4277D7512003BD0BB /* HTTPClient.swift in Sources */ = {isa = PBXBuildFile; fileRef = FD89206B2687A6E100C7E60A /* HTTPClient.swift */; };
		FDF660B5277D7512003BD0BB /* RemoteFeedLoader.swift in Sources */ = {isa = PBXBuildFile; fileRef = FDFCFF512669C8D7004C487D /* RemoteFeedLoader.swift */; };
		FDF660B6277D7512003BD0BB /* URLSessionHTTPClient.swift in Sources */ = {isa = PBXBuildFile; fileRef = FD930A4626ACA4520095F0E4 /* URLSessionHTTPClient.swift */; };
		FDF660B7277D7512003BD0BB /* RemoteFeedItem.swift in Sources */ = {isa = PBXBuildFile; fileRef = FDD7025326C194A100C8379E /* RemoteFeedItem.swift */; };
		FDF660B8277D7516003BD0BB /* FeedImage.swift in Sources */ = {isa = PBXBuildFile; fileRef = FD8ECC9426652DE300E71718 /* FeedImage.swift */; };
		FDF660B9277D7516003BD0BB /* FeedLoader.swift in Sources */ = {isa = PBXBuildFile; fileRef = FD8ECC9326652DE300E71718 /* FeedLoader.swift */; };
		FDF660C8277D7658003BD0BB /* RemoteFeedItem.swift in Sources */ = {isa = PBXBuildFile; fileRef = FDD7025326C194A100C8379E /* RemoteFeedItem.swift */; };
		FDF660CD277D768E003BD0BB /* FeedLoader.swift in Sources */ = {isa = PBXBuildFile; fileRef = FD8ECC9326652DE300E71718 /* FeedLoader.swift */; };
		FDF660CE277D768E003BD0BB /* FeedImage.swift in Sources */ = {isa = PBXBuildFile; fileRef = FD8ECC9426652DE300E71718 /* FeedImage.swift */; };
		FDF660D3277D76FA003BD0BB /* RemoteFeedItem.swift in Sources */ = {isa = PBXBuildFile; fileRef = FDD7025326C194A100C8379E /* RemoteFeedItem.swift */; };
		FDF660DA277D776F003BD0BB /* LocalFeedImage.swift in Sources */ = {isa = PBXBuildFile; fileRef = FDD7025526C194D900C8379E /* LocalFeedImage.swift */; };
		FDF660DB277D77B0003BD0BB /* LocalFeedLoader.swift in Sources */ = {isa = PBXBuildFile; fileRef = FD3A462726BD9ACA00030129 /* LocalFeedLoader.swift */; };
		FDF660DC277D77C1003BD0BB /* FeedStore.swift in Sources */ = {isa = PBXBuildFile; fileRef = FD3A462926BD9BA400030129 /* FeedStore.swift */; };
		FDF660DD277D77CC003BD0BB /* LocalFeedImage.swift in Sources */ = {isa = PBXBuildFile; fileRef = FDD7025526C194D900C8379E /* LocalFeedImage.swift */; };
		FDF660DE277D77E0003BD0BB /* FeedImage.swift in Sources */ = {isa = PBXBuildFile; fileRef = FD8ECC9426652DE300E71718 /* FeedImage.swift */; };
		FDF660DF277D77E0003BD0BB /* FeedLoader.swift in Sources */ = {isa = PBXBuildFile; fileRef = FD8ECC9326652DE300E71718 /* FeedLoader.swift */; };
		FDF660E0277D77F9003BD0BB /* FeedStoreSpecs.swift in Sources */ = {isa = PBXBuildFile; fileRef = FDEB91BC26E2A54100C22894 /* FeedStoreSpecs.swift */; };
		FDF660E1277D7814003BD0BB /* FeedCachePolicy.swift in Sources */ = {isa = PBXBuildFile; fileRef = FD8C182926C57B77004C8421 /* FeedCachePolicy.swift */; };
		FDF660FB277D7B04003BD0BB /* CoreDataFeedStoreTests.swift in Sources */ = {isa = PBXBuildFile; fileRef = FD355E34273B0BE600E3B852 /* CoreDataFeedStoreTests.swift */; };
		FDF66100277D7B5B003BD0BB /* CoreDataFeedStore.swift in Sources */ = {isa = PBXBuildFile; fileRef = FD355E36273B0CC100E3B852 /* CoreDataFeedStore.swift */; };
		FDF66103277D7C14003BD0BB /* EssentialFeedAPIEndToEndTests.swift in Sources */ = {isa = PBXBuildFile; fileRef = FD930A4E26AE04350095F0E4 /* EssentialFeedAPIEndToEndTests.swift */; };
		FDF66106277D7C5C003BD0BB /* FeedStoreSpy.swift in Sources */ = {isa = PBXBuildFile; fileRef = FDD7025A26C1FDE000C8379E /* FeedStoreSpy.swift */; };
		FDF6610C277D7CB8003BD0BB /* FeedCacheTestHelpers.swift in Sources */ = {isa = PBXBuildFile; fileRef = FD8C182126C4C3AA004C8421 /* FeedCacheTestHelpers.swift */; };
		FDF66111277D7D8F003BD0BB /* CacheFeedUseCaseTests.swift in Sources */ = {isa = PBXBuildFile; fileRef = FD04553726B9DB8E004C6F09 /* CacheFeedUseCaseTests.swift */; };
		FDF66114277D7DAB003BD0BB /* ValidateFeedCacheUseCaseTests.swift in Sources */ = {isa = PBXBuildFile; fileRef = FD8C181F26C4BEA4004C8421 /* ValidateFeedCacheUseCaseTests.swift */; };
		FDF66115277D7DB5003BD0BB /* LoadFeedFromCacheUseCaseTests.swift in Sources */ = {isa = PBXBuildFile; fileRef = FDD7025726C1FC9900C8379E /* LoadFeedFromCacheUseCaseTests.swift */; };
		FDF66119277D7E10003BD0BB /* EssentialFeedCacheIntegrationTests.swift in Sources */ = {isa = PBXBuildFile; fileRef = FD3560372741DD8C00E3B852 /* EssentialFeedCacheIntegrationTests.swift */; };
		FDF6611A277D7E50003BD0BB /* FeedStore.xcdatamodeld in Sources */ = {isa = PBXBuildFile; fileRef = FD355E3C273C02A000E3B852 /* FeedStore.xcdatamodeld */; };
		FDF6611B277D7EEA003BD0BB /* FeedStore.xcdatamodeld in Sources */ = {isa = PBXBuildFile; fileRef = FD355E3C273C02A000E3B852 /* FeedStore.xcdatamodeld */; };
		FDF6611C277D7EEB003BD0BB /* FeedStore.xcdatamodeld in Sources */ = {isa = PBXBuildFile; fileRef = FD355E3C273C02A000E3B852 /* FeedStore.xcdatamodeld */; };
		FDF66123277E2402003BD0BB /* EssentialFeed.framework in Frameworks */ = {isa = PBXBuildFile; fileRef = FDF660A1277D7484003BD0BB /* EssentialFeed.framework */; platformFilter = ios; };
		FDF66124277E2402003BD0BB /* EssentialFeed.framework in Embed Frameworks */ = {isa = PBXBuildFile; fileRef = FDF660A1277D7484003BD0BB /* EssentialFeed.framework */; settings = {ATTRIBUTES = (CodeSignOnCopy, RemoveHeadersOnCopy, ); }; };
		FDF66128277E24E6003BD0BB /* FeedLoader.swift in Sources */ = {isa = PBXBuildFile; fileRef = FD8ECC9326652DE300E71718 /* FeedLoader.swift */; };
		FDF66129277E2522003BD0BB /* FeedImage.swift in Sources */ = {isa = PBXBuildFile; fileRef = FD8ECC9426652DE300E71718 /* FeedImage.swift */; };
		FDF6612A277E26A6003BD0BB /* XCTCaseTrackMemoryLeakTracking.swift in Sources */ = {isa = PBXBuildFile; fileRef = FD930A4426AC6C050095F0E4 /* XCTCaseTrackMemoryLeakTracking.swift */; };
		FDF6612C2780DB15003BD0BB /* FeedImageCell.swift in Sources */ = {isa = PBXBuildFile; fileRef = FDF6612B2780DB15003BD0BB /* FeedImageCell.swift */; };
		FDF6612F2780DB61003BD0BB /* FeedImageCell.swift in Sources */ = {isa = PBXBuildFile; fileRef = FDF6612B2780DB15003BD0BB /* FeedImageCell.swift */; };
		FDF66131278103F0003BD0BB /* UIView+Shimmering.swift in Sources */ = {isa = PBXBuildFile; fileRef = FDF66130278103F0003BD0BB /* UIView+Shimmering.swift */; };
		FDF661322781040D003BD0BB /* UIView+Shimmering.swift in Sources */ = {isa = PBXBuildFile; fileRef = FDF66130278103F0003BD0BB /* UIView+Shimmering.swift */; };
		FDF9C4DC279216D40080EAE0 /* Feed.storyboard in Resources */ = {isa = PBXBuildFile; fileRef = FDF9C4DB279216D40080EAE0 /* Feed.storyboard */; };
		FDF9C4DE279223010080EAE0 /* Feed.storyboard in Resources */ = {isa = PBXBuildFile; fileRef = FDF9C4DB279216D40080EAE0 /* Feed.storyboard */; };
		FDF9C4E22792390A0080EAE0 /* UITableView+Dequeueing.swift in Sources */ = {isa = PBXBuildFile; fileRef = FDF9C4E12792390A0080EAE0 /* UITableView+Dequeueing.swift */; };
		FDF9C4E3279239630080EAE0 /* UITableView+Dequeueing.swift in Sources */ = {isa = PBXBuildFile; fileRef = FDF9C4E12792390A0080EAE0 /* UITableView+Dequeueing.swift */; };
		FDF9C4E4279239650080EAE0 /* UITableView+Dequeueing.swift in Sources */ = {isa = PBXBuildFile; fileRef = FDF9C4E12792390A0080EAE0 /* UITableView+Dequeueing.swift */; };
		FDFBCE9A277D2FDD005DAF73 /* EssentialFeediOS.framework in Frameworks */ = {isa = PBXBuildFile; fileRef = FDFBCE90277D2FDB005DAF73 /* EssentialFeediOS.framework */; };
		FDFBCE9F277D2FDD005DAF73 /* EssentialFeediOSTests.swift in Sources */ = {isa = PBXBuildFile; fileRef = FDFBCE9E277D2FDD005DAF73 /* EssentialFeediOSTests.swift */; };
/* End PBXBuildFile section */

/* Begin PBXContainerItemProxy section */
		FDF66125277E2402003BD0BB /* PBXContainerItemProxy */ = {
			isa = PBXContainerItemProxy;
			containerPortal = FD8ECC5B26652D3C00E71718 /* Project object */;
			proxyType = 1;
			remoteGlobalIDString = FDF660A0277D7484003BD0BB;
			remoteInfo = EssentialFeed;
		};
		FDFBCE9B277D2FDD005DAF73 /* PBXContainerItemProxy */ = {
			isa = PBXContainerItemProxy;
			containerPortal = FD8ECC5B26652D3C00E71718 /* Project object */;
			proxyType = 1;
			remoteGlobalIDString = FDFBCE8F277D2FDB005DAF73;
			remoteInfo = EssentialFeediOS;
		};
/* End PBXContainerItemProxy section */

/* Begin PBXCopyFilesBuildPhase section */
		FDF66127277E2402003BD0BB /* Embed Frameworks */ = {
			isa = PBXCopyFilesBuildPhase;
			buildActionMask = 2147483647;
			dstPath = "";
			dstSubfolderSpec = 10;
			files = (
				FDF66124277E2402003BD0BB /* EssentialFeed.framework in Embed Frameworks */,
			);
			name = "Embed Frameworks";
			runOnlyForDeploymentPostprocessing = 0;
		};
/* End PBXCopyFilesBuildPhase section */

/* Begin PBXFileReference section */
		FD04553726B9DB8E004C6F09 /* CacheFeedUseCaseTests.swift */ = {isa = PBXFileReference; lastKnownFileType = sourcecode.swift; path = CacheFeedUseCaseTests.swift; sourceTree = "<group>"; };
		FD355E34273B0BE600E3B852 /* CoreDataFeedStoreTests.swift */ = {isa = PBXFileReference; lastKnownFileType = sourcecode.swift; path = CoreDataFeedStoreTests.swift; sourceTree = "<group>"; };
		FD355E36273B0CC100E3B852 /* CoreDataFeedStore.swift */ = {isa = PBXFileReference; lastKnownFileType = sourcecode.swift; path = CoreDataFeedStore.swift; sourceTree = "<group>"; };
		FD355E3D273C02A000E3B852 /* ManagedCache.xcdatamodel */ = {isa = PBXFileReference; lastKnownFileType = wrapper.xcdatamodel; path = ManagedCache.xcdatamodel; sourceTree = "<group>"; };
		FD355E3E273C02A000E3B852 /* FeedStoreCoreDataModel.xcdatamodel */ = {isa = PBXFileReference; lastKnownFileType = wrapper.xcdatamodel; path = FeedStoreCoreDataModel.xcdatamodel; sourceTree = "<group>"; };
		FD355E69273DDBBB00E3B852 /* ManagedCache.swift */ = {isa = PBXFileReference; lastKnownFileType = sourcecode.swift; path = ManagedCache.swift; sourceTree = "<group>"; };
		FD355E72273E171600E3B852 /* CoreDataHelpers.swift */ = {isa = PBXFileReference; lastKnownFileType = sourcecode.swift; path = CoreDataHelpers.swift; sourceTree = "<group>"; };
		FD355E75273E17CF00E3B852 /* ManagedFeedImage.swift */ = {isa = PBXFileReference; lastKnownFileType = sourcecode.swift; path = ManagedFeedImage.swift; sourceTree = "<group>"; };
		FD3560342741DC9100E3B852 /* EssentialFeedCacheIntegrationTests.xctest */ = {isa = PBXFileReference; explicitFileType = wrapper.cfbundle; includeInIndex = 0; path = EssentialFeedCacheIntegrationTests.xctest; sourceTree = BUILT_PRODUCTS_DIR; };
		FD3560352741DC9200E3B852 /* EssentialFeedCacheIntegrationTests.plist */ = {isa = PBXFileReference; lastKnownFileType = text.plist.xml; name = EssentialFeedCacheIntegrationTests.plist; path = /Users/edilashimov/WorkSpace/Essential/EssentialFeed/EssentialFeedCacheIntegrationTests.plist; sourceTree = "<absolute>"; };
		FD3560372741DD8C00E3B852 /* EssentialFeedCacheIntegrationTests.swift */ = {isa = PBXFileReference; lastKnownFileType = sourcecode.swift; path = EssentialFeedCacheIntegrationTests.swift; sourceTree = "<group>"; };
		FD35CD3427822BF000811907 /* FeedImageDataLoader.swift */ = {isa = PBXFileReference; lastKnownFileType = sourcecode.swift; path = FeedImageDataLoader.swift; sourceTree = "<group>"; };
		FD35CD3627822C2400811907 /* FeedViewController.swift */ = {isa = PBXFileReference; lastKnownFileType = sourcecode.swift; path = FeedViewController.swift; sourceTree = "<group>"; };
		FD35CD3C27822E5100811907 /* UIImage+TestHelpers.swift */ = {isa = PBXFileReference; lastKnownFileType = sourcecode.swift; path = "UIImage+TestHelpers.swift"; sourceTree = "<group>"; };
		FD35CD3F27822E9E00811907 /* UIRefreshControl+TestHelpers.swift */ = {isa = PBXFileReference; lastKnownFileType = sourcecode.swift; path = "UIRefreshControl+TestHelpers.swift"; sourceTree = "<group>"; };
		FD35CD4127822ED500811907 /* UIButton+TestHelpers.swift */ = {isa = PBXFileReference; lastKnownFileType = sourcecode.swift; path = "UIButton+TestHelpers.swift"; sourceTree = "<group>"; };
		FD35CD4327822F1B00811907 /* UIControl+TestHelpers.swift */ = {isa = PBXFileReference; lastKnownFileType = sourcecode.swift; path = "UIControl+TestHelpers.swift"; sourceTree = "<group>"; };
		FD35CD4627822FEC00811907 /* FeedViewController+TestHelpers.swift */ = {isa = PBXFileReference; lastKnownFileType = sourcecode.swift; path = "FeedViewController+TestHelpers.swift"; sourceTree = "<group>"; };
		FD35CD4E2782322800811907 /* FeedImageCell+TestHelpers.swift */ = {isa = PBXFileReference; lastKnownFileType = sourcecode.swift; path = "FeedImageCell+TestHelpers.swift"; sourceTree = "<group>"; };
		FD35CD502782327B00811907 /* FeedViewControllerTests+LoaderSpy.swift */ = {isa = PBXFileReference; lastKnownFileType = sourcecode.swift; path = "FeedViewControllerTests+LoaderSpy.swift"; sourceTree = "<group>"; };
		FD35CD522782336300811907 /* FeedViewControllerTests+Assertions.swift */ = {isa = PBXFileReference; lastKnownFileType = sourcecode.swift; path = "FeedViewControllerTests+Assertions.swift"; sourceTree = "<group>"; };
		FD35CD5D278239FA00811907 /* FeedImageCellController.swift */ = {isa = PBXFileReference; lastKnownFileType = sourcecode.swift; path = FeedImageCellController.swift; sourceTree = "<group>"; };
		FD35CD63278249C600811907 /* FeedUIComposer.swift */ = {isa = PBXFileReference; lastKnownFileType = sourcecode.swift; path = FeedUIComposer.swift; sourceTree = "<group>"; };
		FD3A462726BD9ACA00030129 /* LocalFeedLoader.swift */ = {isa = PBXFileReference; lastKnownFileType = sourcecode.swift; path = LocalFeedLoader.swift; sourceTree = "<group>"; };
		FD3A462926BD9BA400030129 /* FeedStore.swift */ = {isa = PBXFileReference; lastKnownFileType = sourcecode.swift; path = FeedStore.swift; sourceTree = "<group>"; };
		FD89206B2687A6E100C7E60A /* HTTPClient.swift */ = {isa = PBXFileReference; lastKnownFileType = sourcecode.swift; path = HTTPClient.swift; sourceTree = "<group>"; };
		FD89206D2687A78500C7E60A /* FeedItemsMapper.swift */ = {isa = PBXFileReference; lastKnownFileType = sourcecode.swift; path = FeedItemsMapper.swift; sourceTree = "<group>"; };
		FD8920702688FBE200C7E60A /* URLSessionHTTPClientTests.swift */ = {isa = PBXFileReference; lastKnownFileType = sourcecode.swift; path = URLSessionHTTPClientTests.swift; sourceTree = "<group>"; };
		FD8C181F26C4BEA4004C8421 /* ValidateFeedCacheUseCaseTests.swift */ = {isa = PBXFileReference; lastKnownFileType = sourcecode.swift; path = ValidateFeedCacheUseCaseTests.swift; sourceTree = "<group>"; };
		FD8C182126C4C3AA004C8421 /* FeedCacheTestHelpers.swift */ = {isa = PBXFileReference; lastKnownFileType = sourcecode.swift; path = FeedCacheTestHelpers.swift; sourceTree = "<group>"; };
		FD8C182326C4C46B004C8421 /* SharedTestHelpers.swift */ = {isa = PBXFileReference; lastKnownFileType = sourcecode.swift; path = SharedTestHelpers.swift; sourceTree = "<group>"; };
		FD8C182926C57B77004C8421 /* FeedCachePolicy.swift */ = {isa = PBXFileReference; lastKnownFileType = sourcecode.swift; path = FeedCachePolicy.swift; sourceTree = "<group>"; };
		FD8C182B26C5B603004C8421 /* Feeds Store Specs */ = {isa = PBXFileReference; lastKnownFileType = text; path = "Feeds Store Specs"; sourceTree = "<group>"; };
		FD8ECC6626652D3C00E71718 /* AppDelegate.swift */ = {isa = PBXFileReference; lastKnownFileType = sourcecode.swift; path = AppDelegate.swift; sourceTree = "<group>"; };
		FD8ECC6A26652D3D00E71718 /* Assets.xcassets */ = {isa = PBXFileReference; lastKnownFileType = folder.assetcatalog; path = Assets.xcassets; sourceTree = "<group>"; };
		FD8ECC6D26652D3D00E71718 /* Base */ = {isa = PBXFileReference; lastKnownFileType = file.storyboard; name = Base; path = Base.lproj/Main.storyboard; sourceTree = "<group>"; };
		FD8ECC6F26652D3D00E71718 /* Info.plist */ = {isa = PBXFileReference; lastKnownFileType = text.plist.xml; path = Info.plist; sourceTree = "<group>"; };
		FD8ECC7026652D3D00E71718 /* EssentialFeed.entitlements */ = {isa = PBXFileReference; lastKnownFileType = text.plist.entitlements; path = EssentialFeed.entitlements; sourceTree = "<group>"; };
		FD8ECC7526652D3D00E71718 /* EssentialFeedTests.xctest */ = {isa = PBXFileReference; explicitFileType = wrapper.cfbundle; includeInIndex = 0; path = EssentialFeedTests.xctest; sourceTree = BUILT_PRODUCTS_DIR; };
		FD8ECC7926652D3D00E71718 /* EssentialFeedTests.swift */ = {isa = PBXFileReference; lastKnownFileType = sourcecode.swift; path = EssentialFeedTests.swift; sourceTree = "<group>"; };
		FD8ECC7B26652D3D00E71718 /* Info.plist */ = {isa = PBXFileReference; lastKnownFileType = text.plist.xml; path = Info.plist; sourceTree = "<group>"; };
		FD8ECC9326652DE300E71718 /* FeedLoader.swift */ = {isa = PBXFileReference; fileEncoding = 4; lastKnownFileType = sourcecode.swift; path = FeedLoader.swift; sourceTree = "<group>"; };
		FD8ECC9426652DE300E71718 /* FeedImage.swift */ = {isa = PBXFileReference; fileEncoding = 4; lastKnownFileType = sourcecode.swift; path = FeedImage.swift; sourceTree = "<group>"; };
		FD930A4426AC6C050095F0E4 /* XCTCaseTrackMemoryLeakTracking.swift */ = {isa = PBXFileReference; lastKnownFileType = sourcecode.swift; path = XCTCaseTrackMemoryLeakTracking.swift; sourceTree = "<group>"; };
		FD930A4626ACA4520095F0E4 /* URLSessionHTTPClient.swift */ = {isa = PBXFileReference; lastKnownFileType = sourcecode.swift; path = URLSessionHTTPClient.swift; sourceTree = "<group>"; };
		FD930A4C26AE04350095F0E4 /* EssentialFeedAPIEndToEndTests.xctest */ = {isa = PBXFileReference; explicitFileType = wrapper.cfbundle; includeInIndex = 0; path = EssentialFeedAPIEndToEndTests.xctest; sourceTree = BUILT_PRODUCTS_DIR; };
		FD930A4E26AE04350095F0E4 /* EssentialFeedAPIEndToEndTests.swift */ = {isa = PBXFileReference; lastKnownFileType = sourcecode.swift; path = EssentialFeedAPIEndToEndTests.swift; sourceTree = "<group>"; };
		FD930A5026AE04350095F0E4 /* Info.plist */ = {isa = PBXFileReference; lastKnownFileType = text.plist.xml; path = Info.plist; sourceTree = "<group>"; };
		FD9FD5F72789EEDC00B7A5EE /* FeedPresenter.swift */ = {isa = PBXFileReference; lastKnownFileType = sourcecode.swift; path = FeedPresenter.swift; sourceTree = "<group>"; };
		FD9FD5FA278B409100B7A5EE /* FeedImagePresenter.swift */ = {isa = PBXFileReference; lastKnownFileType = sourcecode.swift; path = FeedImagePresenter.swift; sourceTree = "<group>"; };
		FD9FD5FC278B40BB00B7A5EE /* FeedImageViewModel.swift */ = {isa = PBXFileReference; fileEncoding = 4; lastKnownFileType = sourcecode.swift; path = FeedImageViewModel.swift; sourceTree = "<group>"; };
		FDD7025326C194A100C8379E /* RemoteFeedItem.swift */ = {isa = PBXFileReference; lastKnownFileType = sourcecode.swift; path = RemoteFeedItem.swift; sourceTree = "<group>"; };
		FDD7025526C194D900C8379E /* LocalFeedImage.swift */ = {isa = PBXFileReference; lastKnownFileType = sourcecode.swift; path = LocalFeedImage.swift; sourceTree = "<group>"; };
		FDD7025726C1FC9900C8379E /* LoadFeedFromCacheUseCaseTests.swift */ = {isa = PBXFileReference; lastKnownFileType = sourcecode.swift; path = LoadFeedFromCacheUseCaseTests.swift; sourceTree = "<group>"; };
		FDD7025A26C1FDE000C8379E /* FeedStoreSpy.swift */ = {isa = PBXFileReference; lastKnownFileType = sourcecode.swift; path = FeedStoreSpy.swift; sourceTree = "<group>"; };
		FDE3AE4E2798768500E850E1 /* UIImageView+Animations.swift */ = {isa = PBXFileReference; lastKnownFileType = sourcecode.swift; path = "UIImageView+Animations.swift"; sourceTree = "<group>"; };
		FDEB91BC26E2A54100C22894 /* FeedStoreSpecs.swift */ = {isa = PBXFileReference; lastKnownFileType = sourcecode.swift; path = FeedStoreSpecs.swift; sourceTree = "<group>"; };
		FDEB91BE26E2A75000C22894 /* XCTestCase+FeedStoreSpecs.swift */ = {isa = PBXFileReference; lastKnownFileType = sourcecode.swift; path = "XCTestCase+FeedStoreSpecs.swift"; sourceTree = "<group>"; };
		FDF660A1277D7484003BD0BB /* EssentialFeed.framework */ = {isa = PBXFileReference; explicitFileType = wrapper.framework; includeInIndex = 0; path = EssentialFeed.framework; sourceTree = BUILT_PRODUCTS_DIR; };
		FDF6612B2780DB15003BD0BB /* FeedImageCell.swift */ = {isa = PBXFileReference; lastKnownFileType = sourcecode.swift; path = FeedImageCell.swift; sourceTree = "<group>"; };
		FDF66130278103F0003BD0BB /* UIView+Shimmering.swift */ = {isa = PBXFileReference; lastKnownFileType = sourcecode.swift; path = "UIView+Shimmering.swift"; sourceTree = "<group>"; };
		FDF9C4DB279216D40080EAE0 /* Feed.storyboard */ = {isa = PBXFileReference; lastKnownFileType = file.storyboard; path = Feed.storyboard; sourceTree = "<group>"; };
		FDF9C4E12792390A0080EAE0 /* UITableView+Dequeueing.swift */ = {isa = PBXFileReference; lastKnownFileType = sourcecode.swift; path = "UITableView+Dequeueing.swift"; sourceTree = "<group>"; };
		FDFBCE90277D2FDB005DAF73 /* EssentialFeediOS.framework */ = {isa = PBXFileReference; explicitFileType = wrapper.framework; includeInIndex = 0; path = EssentialFeediOS.framework; sourceTree = BUILT_PRODUCTS_DIR; };
		FDFBCE99277D2FDD005DAF73 /* EssentialFeediOSTests.xctest */ = {isa = PBXFileReference; explicitFileType = wrapper.cfbundle; includeInIndex = 0; path = EssentialFeediOSTests.xctest; sourceTree = BUILT_PRODUCTS_DIR; };
		FDFBCE9E277D2FDD005DAF73 /* EssentialFeediOSTests.swift */ = {isa = PBXFileReference; lastKnownFileType = sourcecode.swift; path = EssentialFeediOSTests.swift; sourceTree = "<group>"; };
		FDFCFF512669C8D7004C487D /* RemoteFeedLoader.swift */ = {isa = PBXFileReference; lastKnownFileType = sourcecode.swift; path = RemoteFeedLoader.swift; sourceTree = "<group>"; };
/* End PBXFileReference section */

/* Begin PBXFrameworksBuildPhase section */
		FD35602F2741DC9100E3B852 /* Frameworks */ = {
			isa = PBXFrameworksBuildPhase;
			buildActionMask = 2147483647;
			files = (
			);
			runOnlyForDeploymentPostprocessing = 0;
		};
		FD8ECC7226652D3D00E71718 /* Frameworks */ = {
			isa = PBXFrameworksBuildPhase;
			buildActionMask = 2147483647;
			files = (
			);
			runOnlyForDeploymentPostprocessing = 0;
		};
		FD930A4926AE04350095F0E4 /* Frameworks */ = {
			isa = PBXFrameworksBuildPhase;
			buildActionMask = 2147483647;
			files = (
			);
			runOnlyForDeploymentPostprocessing = 0;
		};
		FDF6609E277D7484003BD0BB /* Frameworks */ = {
			isa = PBXFrameworksBuildPhase;
			buildActionMask = 2147483647;
			files = (
			);
			runOnlyForDeploymentPostprocessing = 0;
		};
		FDFBCE8D277D2FDB005DAF73 /* Frameworks */ = {
			isa = PBXFrameworksBuildPhase;
			buildActionMask = 2147483647;
			files = (
				FDF66123277E2402003BD0BB /* EssentialFeed.framework in Frameworks */,
			);
			runOnlyForDeploymentPostprocessing = 0;
		};
		FDFBCE96277D2FDD005DAF73 /* Frameworks */ = {
			isa = PBXFrameworksBuildPhase;
			buildActionMask = 2147483647;
			files = (
				FDFBCE9A277D2FDD005DAF73 /* EssentialFeediOS.framework in Frameworks */,
			);
			runOnlyForDeploymentPostprocessing = 0;
		};
/* End PBXFrameworksBuildPhase section */

/* Begin PBXGroup section */
		FD04553626B9DB75004C6F09 /* Feed Cache */ = {
			isa = PBXGroup;
			children = (
				FD04553726B9DB8E004C6F09 /* CacheFeedUseCaseTests.swift */,
				FDD7025726C1FC9900C8379E /* LoadFeedFromCacheUseCaseTests.swift */,
				FD8C181F26C4BEA4004C8421 /* ValidateFeedCacheUseCaseTests.swift */,
				FDEB91BC26E2A54100C22894 /* FeedStoreSpecs.swift */,
				FDEB91BE26E2A75000C22894 /* XCTestCase+FeedStoreSpecs.swift */,
				FDD7025926C1FDCE00C8379E /* Helpers */,
			);
			path = "Feed Cache";
			sourceTree = "<group>";
		};
		FD355E41273C048300E3B852 /* Infrastructure */ = {
			isa = PBXGroup;
			children = (
				FD355E53273C76F600E3B852 /* Core Data */,
			);
			path = Infrastructure;
			sourceTree = "<group>";
		};
		FD355E53273C76F600E3B852 /* Core Data */ = {
			isa = PBXGroup;
			children = (
				FD355E34273B0BE600E3B852 /* CoreDataFeedStoreTests.swift */,
				FD355E36273B0CC100E3B852 /* CoreDataFeedStore.swift */,
				FD355E69273DDBBB00E3B852 /* ManagedCache.swift */,
				FD355E75273E17CF00E3B852 /* ManagedFeedImage.swift */,
				FD355E72273E171600E3B852 /* CoreDataHelpers.swift */,
				FD355E3C273C02A000E3B852 /* FeedStore.xcdatamodeld */,
			);
			path = "Core Data";
			sourceTree = "<group>";
		};
		FD3560362741DCDC00E3B852 /* EssentialFeedCacheIntegrationTests */ = {
			isa = PBXGroup;
			children = (
				FD3560372741DD8C00E3B852 /* EssentialFeedCacheIntegrationTests.swift */,
				FD3560352741DC9200E3B852 /* EssentialFeedCacheIntegrationTests.plist */,
			);
			path = EssentialFeedCacheIntegrationTests;
			sourceTree = "<group>";
		};
		FD35CD3827822C3400811907 /* Views */ = {
			isa = PBXGroup;
			children = (
				FDF6612B2780DB15003BD0BB /* FeedImageCell.swift */,
				FDF66130278103F0003BD0BB /* UIView+Shimmering.swift */,
				FDF9C4DB279216D40080EAE0 /* Feed.storyboard */,
				FDF9C4E12792390A0080EAE0 /* UITableView+Dequeueing.swift */,
				FDE3AE4E2798768500E850E1 /* UIImageView+Animations.swift */,
			);
			path = Views;
			sourceTree = "<group>";
		};
		FD35CD3927822C4400811907 /* Controllers */ = {
			isa = PBXGroup;
			children = (
				FD35CD3627822C2400811907 /* FeedViewController.swift */,
				FD35CD5D278239FA00811907 /* FeedImageCellController.swift */,
			);
			path = Controllers;
			sourceTree = "<group>";
		};
		FD35CD3A27822C5300811907 /* Feed UI */ = {
			isa = PBXGroup;
			children = (
				FD35CD3827822C3400811907 /* Views */,
				FD35CD3927822C4400811907 /* Controllers */,
				FD35CD65278249D500811907 /* Composers */,
			);
			path = "Feed UI";
			sourceTree = "<group>";
		};
		FD35CD3B27822C6400811907 /* Feed Image Loader */ = {
			isa = PBXGroup;
			children = (
				FD35CD3427822BF000811907 /* FeedImageDataLoader.swift */,
			);
			path = "Feed Image Loader";
			sourceTree = "<group>";
		};
		FD35CD3E27822E6900811907 /* Helpers */ = {
			isa = PBXGroup;
			children = (
				FD35CD3C27822E5100811907 /* UIImage+TestHelpers.swift */,
				FD35CD3F27822E9E00811907 /* UIRefreshControl+TestHelpers.swift */,
				FD35CD4127822ED500811907 /* UIButton+TestHelpers.swift */,
				FD35CD4327822F1B00811907 /* UIControl+TestHelpers.swift */,
				FD35CD4E2782322800811907 /* FeedImageCell+TestHelpers.swift */,
				FD35CD542782344F00811907 /* Controllers */,
			);
			path = Helpers;
			sourceTree = "<group>";
		};
		FD35CD542782344F00811907 /* Controllers */ = {
			isa = PBXGroup;
			children = (
				FD35CD4627822FEC00811907 /* FeedViewController+TestHelpers.swift */,
				FD35CD502782327B00811907 /* FeedViewControllerTests+LoaderSpy.swift */,
				FD35CD522782336300811907 /* FeedViewControllerTests+Assertions.swift */,
			);
			path = Controllers;
			sourceTree = "<group>";
		};
		FD35CD65278249D500811907 /* Composers */ = {
			isa = PBXGroup;
			children = (
				FD35CD63278249C600811907 /* FeedUIComposer.swift */,
			);
			path = Composers;
			sourceTree = "<group>";
		};
		FD35CD932783AEA300811907 /* Feed Presentation */ = {
			isa = PBXGroup;
			children = (
				FD9FD5F72789EEDC00B7A5EE /* FeedPresenter.swift */,
				FD9FD5FA278B409100B7A5EE /* FeedImagePresenter.swift */,
				FD9FD5FC278B40BB00B7A5EE /* FeedImageViewModel.swift */,
			);
			path = "Feed Presentation";
			sourceTree = "<group>";
		};
		FD3A462626BD9AB300030129 /* Feed Cache */ = {
			isa = PBXGroup;
			children = (
				FD3A462726BD9ACA00030129 /* LocalFeedLoader.swift */,
				FD3A462926BD9BA400030129 /* FeedStore.swift */,
				FDD7025526C194D900C8379E /* LocalFeedImage.swift */,
				FD8C182926C57B77004C8421 /* FeedCachePolicy.swift */,
				FD355E41273C048300E3B852 /* Infrastructure */,
			);
			path = "Feed Cache";
			sourceTree = "<group>";
		};
		FD89206F2687C97A00C7E60A /* Feed API */ = {
			isa = PBXGroup;
			children = (
				FD8ECC7926652D3D00E71718 /* EssentialFeedTests.swift */,
				FD8920702688FBE200C7E60A /* URLSessionHTTPClientTests.swift */,
			);
			path = "Feed API";
			sourceTree = "<group>";
		};
		FD8ECC5A26652D3C00E71718 = {
			isa = PBXGroup;
			children = (
				FD8C182B26C5B603004C8421 /* Feeds Store Specs */,
				FD8ECC6526652D3C00E71718 /* EssentialFeed */,
				FD8ECC7826652D3D00E71718 /* EssentialFeedTests */,
				FD930A4D26AE04350095F0E4 /* EssentialFeedAPIEndToEndTests */,
				FD3560362741DCDC00E3B852 /* EssentialFeedCacheIntegrationTests */,
				FDFBCE91277D2FDB005DAF73 /* EssentialFeediOS */,
				FDFBCE9D277D2FDD005DAF73 /* EssentialFeediOSTests */,
				FD8ECC6426652D3C00E71718 /* Products */,
				FDF6611D277E23E0003BD0BB /* Frameworks */,
			);
			sourceTree = "<group>";
		};
		FD8ECC6426652D3C00E71718 /* Products */ = {
			isa = PBXGroup;
			children = (
				FD8ECC7526652D3D00E71718 /* EssentialFeedTests.xctest */,
				FD930A4C26AE04350095F0E4 /* EssentialFeedAPIEndToEndTests.xctest */,
				FD3560342741DC9100E3B852 /* EssentialFeedCacheIntegrationTests.xctest */,
				FDFBCE90277D2FDB005DAF73 /* EssentialFeediOS.framework */,
				FDFBCE99277D2FDD005DAF73 /* EssentialFeediOSTests.xctest */,
				FDF660A1277D7484003BD0BB /* EssentialFeed.framework */,
			);
			name = Products;
			sourceTree = "<group>";
		};
		FD8ECC6526652D3C00E71718 /* EssentialFeed */ = {
			isa = PBXGroup;
			children = (
				FD8ECC6626652D3C00E71718 /* AppDelegate.swift */,
				FD3A462626BD9AB300030129 /* Feed Cache */,
				FDFCFF532669C8DE004C487D /* Feed API */,
				FD8ECC9226652DE300E71718 /* FeedFeature */,
				FD8ECC6A26652D3D00E71718 /* Assets.xcassets */,
				FD8ECC6C26652D3D00E71718 /* Main.storyboard */,
				FD8ECC6F26652D3D00E71718 /* Info.plist */,
				FD930A4326AC6BE80095F0E4 /* Helpers */,
				FD8ECC7026652D3D00E71718 /* EssentialFeed.entitlements */,
			);
			path = EssentialFeed;
			sourceTree = "<group>";
		};
		FD8ECC7826652D3D00E71718 /* EssentialFeedTests */ = {
			isa = PBXGroup;
			children = (
				FD04553626B9DB75004C6F09 /* Feed Cache */,
				FD89206F2687C97A00C7E60A /* Feed API */,
				FD8ECC7B26652D3D00E71718 /* Info.plist */,
			);
			path = EssentialFeedTests;
			sourceTree = "<group>";
		};
		FD8ECC9226652DE300E71718 /* FeedFeature */ = {
			isa = PBXGroup;
			children = (
				FD8ECC9326652DE300E71718 /* FeedLoader.swift */,
				FD8ECC9426652DE300E71718 /* FeedImage.swift */,
			);
			path = FeedFeature;
			sourceTree = "<group>";
		};
		FD930A4326AC6BE80095F0E4 /* Helpers */ = {
			isa = PBXGroup;
			children = (
				FD930A4426AC6C050095F0E4 /* XCTCaseTrackMemoryLeakTracking.swift */,
				FD8C182326C4C46B004C8421 /* SharedTestHelpers.swift */,
			);
			path = Helpers;
			sourceTree = "<group>";
		};
		FD930A4D26AE04350095F0E4 /* EssentialFeedAPIEndToEndTests */ = {
			isa = PBXGroup;
			children = (
				FD930A4E26AE04350095F0E4 /* EssentialFeedAPIEndToEndTests.swift */,
				FD930A5026AE04350095F0E4 /* Info.plist */,
			);
			path = EssentialFeedAPIEndToEndTests;
			sourceTree = "<group>";
		};
		FDD7025926C1FDCE00C8379E /* Helpers */ = {
			isa = PBXGroup;
			children = (
				FDD7025A26C1FDE000C8379E /* FeedStoreSpy.swift */,
				FD8C182126C4C3AA004C8421 /* FeedCacheTestHelpers.swift */,
			);
			path = Helpers;
			sourceTree = "<group>";
		};
		FDF6611D277E23E0003BD0BB /* Frameworks */ = {
			isa = PBXGroup;
			children = (
			);
			name = Frameworks;
			sourceTree = "<group>";
		};
		FDFBCE91277D2FDB005DAF73 /* EssentialFeediOS */ = {
			isa = PBXGroup;
			children = (
				FD35CD932783AEA300811907 /* Feed Presentation */,
				FD35CD3A27822C5300811907 /* Feed UI */,
				FD35CD3B27822C6400811907 /* Feed Image Loader */,
			);
			path = EssentialFeediOS;
			sourceTree = "<group>";
		};
		FDFBCE9D277D2FDD005DAF73 /* EssentialFeediOSTests */ = {
			isa = PBXGroup;
			children = (
				FDFBCE9E277D2FDD005DAF73 /* EssentialFeediOSTests.swift */,
				FD35CD3E27822E6900811907 /* Helpers */,
			);
			path = EssentialFeediOSTests;
			sourceTree = "<group>";
		};
		FDFCFF532669C8DE004C487D /* Feed API */ = {
			isa = PBXGroup;
			children = (
				FDFCFF512669C8D7004C487D /* RemoteFeedLoader.swift */,
				FD89206D2687A78500C7E60A /* FeedItemsMapper.swift */,
				FDD7025326C194A100C8379E /* RemoteFeedItem.swift */,
				FD89206B2687A6E100C7E60A /* HTTPClient.swift */,
				FD930A4626ACA4520095F0E4 /* URLSessionHTTPClient.swift */,
			);
			path = "Feed API";
			sourceTree = "<group>";
		};
/* End PBXGroup section */

/* Begin PBXHeadersBuildPhase section */
		FDF6609C277D7484003BD0BB /* Headers */ = {
			isa = PBXHeadersBuildPhase;
			buildActionMask = 2147483647;
			files = (
			);
			runOnlyForDeploymentPostprocessing = 0;
		};
		FDFBCE8B277D2FDB005DAF73 /* Headers */ = {
			isa = PBXHeadersBuildPhase;
			buildActionMask = 2147483647;
			files = (
			);
			runOnlyForDeploymentPostprocessing = 0;
		};
/* End PBXHeadersBuildPhase section */

/* Begin PBXNativeTarget section */
		FD3560282741DC9100E3B852 /* EssentialFeedCacheIntegrationTests */ = {
			isa = PBXNativeTarget;
			buildConfigurationList = FD3560312741DC9100E3B852 /* Build configuration list for PBXNativeTarget "EssentialFeedCacheIntegrationTests" */;
			buildPhases = (
				FD35602B2741DC9100E3B852 /* Sources */,
				FD35602F2741DC9100E3B852 /* Frameworks */,
				FD3560302741DC9100E3B852 /* Resources */,
			);
			buildRules = (
			);
			dependencies = (
			);
			name = EssentialFeedCacheIntegrationTests;
			productName = EssentialFeedAPIEndToEndTests;
			productReference = FD3560342741DC9100E3B852 /* EssentialFeedCacheIntegrationTests.xctest */;
			productType = "com.apple.product-type.bundle.unit-test";
		};
		FD8ECC7426652D3D00E71718 /* EssentialFeedTests */ = {
			isa = PBXNativeTarget;
			buildConfigurationList = FD8ECC8C26652D3D00E71718 /* Build configuration list for PBXNativeTarget "EssentialFeedTests" */;
			buildPhases = (
				FD8ECC7126652D3D00E71718 /* Sources */,
				FD8ECC7226652D3D00E71718 /* Frameworks */,
				FD8ECC7326652D3D00E71718 /* Resources */,
			);
			buildRules = (
			);
			dependencies = (
			);
			name = EssentialFeedTests;
			productName = EssentialFeedTests;
			productReference = FD8ECC7526652D3D00E71718 /* EssentialFeedTests.xctest */;
			productType = "com.apple.product-type.bundle.unit-test";
		};
		FD930A4B26AE04350095F0E4 /* EssentialFeedAPIEndToEndTests */ = {
			isa = PBXNativeTarget;
			buildConfigurationList = FD930A5326AE04350095F0E4 /* Build configuration list for PBXNativeTarget "EssentialFeedAPIEndToEndTests" */;
			buildPhases = (
				FD930A4826AE04350095F0E4 /* Sources */,
				FD930A4926AE04350095F0E4 /* Frameworks */,
				FD930A4A26AE04350095F0E4 /* Resources */,
			);
			buildRules = (
			);
			dependencies = (
			);
			name = EssentialFeedAPIEndToEndTests;
			productName = EssentialFeedAPIEndToEndTests;
			productReference = FD930A4C26AE04350095F0E4 /* EssentialFeedAPIEndToEndTests.xctest */;
			productType = "com.apple.product-type.bundle.unit-test";
		};
		FDF660A0277D7484003BD0BB /* EssentialFeed */ = {
			isa = PBXNativeTarget;
			buildConfigurationList = FDF660A5277D7485003BD0BB /* Build configuration list for PBXNativeTarget "EssentialFeed" */;
			buildPhases = (
				FDF6609C277D7484003BD0BB /* Headers */,
				FDF6609D277D7484003BD0BB /* Sources */,
				FDF6609E277D7484003BD0BB /* Frameworks */,
				FDF6609F277D7484003BD0BB /* Resources */,
			);
			buildRules = (
			);
			dependencies = (
			);
			name = EssentialFeed;
			productName = EssentialFeed;
			productReference = FDF660A1277D7484003BD0BB /* EssentialFeed.framework */;
			productType = "com.apple.product-type.framework";
		};
		FDFBCE8F277D2FDB005DAF73 /* EssentialFeediOS */ = {
			isa = PBXNativeTarget;
			buildConfigurationList = FDFBCEA5277D2FDD005DAF73 /* Build configuration list for PBXNativeTarget "EssentialFeediOS" */;
			buildPhases = (
				FDFBCE8B277D2FDB005DAF73 /* Headers */,
				FDFBCE8C277D2FDB005DAF73 /* Sources */,
				FDFBCE8D277D2FDB005DAF73 /* Frameworks */,
				FDFBCE8E277D2FDB005DAF73 /* Resources */,
				FDF66127277E2402003BD0BB /* Embed Frameworks */,
			);
			buildRules = (
			);
			dependencies = (
				FDF66126277E2402003BD0BB /* PBXTargetDependency */,
			);
			name = EssentialFeediOS;
			productName = EssentialFeediOS;
			productReference = FDFBCE90277D2FDB005DAF73 /* EssentialFeediOS.framework */;
			productType = "com.apple.product-type.framework";
		};
		FDFBCE98277D2FDD005DAF73 /* EssentialFeediOSTests */ = {
			isa = PBXNativeTarget;
			buildConfigurationList = FDFBCEA6277D2FDD005DAF73 /* Build configuration list for PBXNativeTarget "EssentialFeediOSTests" */;
			buildPhases = (
				FDFBCE95277D2FDD005DAF73 /* Sources */,
				FDFBCE96277D2FDD005DAF73 /* Frameworks */,
				FDFBCE97277D2FDD005DAF73 /* Resources */,
			);
			buildRules = (
			);
			dependencies = (
				FDFBCE9C277D2FDD005DAF73 /* PBXTargetDependency */,
			);
			name = EssentialFeediOSTests;
			productName = EssentialFeediOSTests;
			productReference = FDFBCE99277D2FDD005DAF73 /* EssentialFeediOSTests.xctest */;
			productType = "com.apple.product-type.bundle.unit-test";
		};
/* End PBXNativeTarget section */

/* Begin PBXProject section */
		FD8ECC5B26652D3C00E71718 /* Project object */ = {
			isa = PBXProject;
			attributes = {
				LastSwiftUpdateCheck = 1310;
				LastUpgradeCheck = 1250;
				TargetAttributes = {
					FD8ECC7426652D3D00E71718 = {
						CreatedOnToolsVersion = 12.5;
					};
					FD930A4B26AE04350095F0E4 = {
						CreatedOnToolsVersion = 12.5;
					};
					FDF660A0277D7484003BD0BB = {
						CreatedOnToolsVersion = 13.1;
					};
					FDFBCE8F277D2FDB005DAF73 = {
						CreatedOnToolsVersion = 13.1;
					};
					FDFBCE98277D2FDD005DAF73 = {
						CreatedOnToolsVersion = 13.1;
					};
				};
			};
			buildConfigurationList = FD8ECC5E26652D3C00E71718 /* Build configuration list for PBXProject "EssentialFeed" */;
			compatibilityVersion = "Xcode 9.3";
			developmentRegion = en;
			hasScannedForEncodings = 0;
			knownRegions = (
				en,
				Base,
			);
			mainGroup = FD8ECC5A26652D3C00E71718;
			productRefGroup = FD8ECC6426652D3C00E71718 /* Products */;
			projectDirPath = "";
			projectRoot = "";
			targets = (
				FDF660A0277D7484003BD0BB /* EssentialFeed */,
				FD8ECC7426652D3D00E71718 /* EssentialFeedTests */,
				FD930A4B26AE04350095F0E4 /* EssentialFeedAPIEndToEndTests */,
				FD3560282741DC9100E3B852 /* EssentialFeedCacheIntegrationTests */,
				FDFBCE8F277D2FDB005DAF73 /* EssentialFeediOS */,
				FDFBCE98277D2FDD005DAF73 /* EssentialFeediOSTests */,
			);
		};
/* End PBXProject section */

/* Begin PBXResourcesBuildPhase section */
		FD3560302741DC9100E3B852 /* Resources */ = {
			isa = PBXResourcesBuildPhase;
			buildActionMask = 2147483647;
			files = (
			);
			runOnlyForDeploymentPostprocessing = 0;
		};
		FD8ECC7326652D3D00E71718 /* Resources */ = {
			isa = PBXResourcesBuildPhase;
			buildActionMask = 2147483647;
			files = (
			);
			runOnlyForDeploymentPostprocessing = 0;
		};
		FD930A4A26AE04350095F0E4 /* Resources */ = {
			isa = PBXResourcesBuildPhase;
			buildActionMask = 2147483647;
			files = (
			);
			runOnlyForDeploymentPostprocessing = 0;
		};
		FDF6609F277D7484003BD0BB /* Resources */ = {
			isa = PBXResourcesBuildPhase;
			buildActionMask = 2147483647;
			files = (
			);
			runOnlyForDeploymentPostprocessing = 0;
		};
		FDFBCE8E277D2FDB005DAF73 /* Resources */ = {
			isa = PBXResourcesBuildPhase;
			buildActionMask = 2147483647;
			files = (
				FDF9C4DC279216D40080EAE0 /* Feed.storyboard in Resources */,
			);
			runOnlyForDeploymentPostprocessing = 0;
		};
		FDFBCE97277D2FDD005DAF73 /* Resources */ = {
			isa = PBXResourcesBuildPhase;
			buildActionMask = 2147483647;
			files = (
				FDF9C4DE279223010080EAE0 /* Feed.storyboard in Resources */,
			);
			runOnlyForDeploymentPostprocessing = 0;
		};
/* End PBXResourcesBuildPhase section */

/* Begin PBXSourcesBuildPhase section */
		FD35602B2741DC9100E3B852 /* Sources */ = {
			isa = PBXSourcesBuildPhase;
			buildActionMask = 2147483647;
			files = (
				FDF6610C277D7CB8003BD0BB /* FeedCacheTestHelpers.swift in Sources */,
				FDF660DE277D77E0003BD0BB /* FeedImage.swift in Sources */,
				FDF660DC277D77C1003BD0BB /* FeedStore.swift in Sources */,
				FDF660E1277D7814003BD0BB /* FeedCachePolicy.swift in Sources */,
				FD35602C2741DC9100E3B852 /* XCTCaseTrackMemoryLeakTracking.swift in Sources */,
				FDF660DD277D77CC003BD0BB /* LocalFeedImage.swift in Sources */,
				FDF660DF277D77E0003BD0BB /* FeedLoader.swift in Sources */,
				FDF6611A277D7E50003BD0BB /* FeedStore.xcdatamodeld in Sources */,
				FDF660E0277D77F9003BD0BB /* FeedStoreSpecs.swift in Sources */,
				FDF660DB277D77B0003BD0BB /* LocalFeedLoader.swift in Sources */,
				FD35602E2741DC9100E3B852 /* SharedTestHelpers.swift in Sources */,
			);
			runOnlyForDeploymentPostprocessing = 0;
		};
		FD8ECC7126652D3D00E71718 /* Sources */ = {
			isa = PBXSourcesBuildPhase;
			buildActionMask = 2147483647;
			files = (
				FDF66111277D7D8F003BD0BB /* CacheFeedUseCaseTests.swift in Sources */,
				FDF6611B277D7EEA003BD0BB /* FeedStore.xcdatamodeld in Sources */,
				FDF660AA277D7508003BD0BB /* LocalFeedImage.swift in Sources */,
				FD8C182226C4C3AA004C8421 /* FeedCacheTestHelpers.swift in Sources */,
				FDF660B3277D7512003BD0BB /* FeedItemsMapper.swift in Sources */,
				FDF660A8277D7508003BD0BB /* FeedCachePolicy.swift in Sources */,
				FDF660B4277D7512003BD0BB /* HTTPClient.swift in Sources */,
				FDF66115277D7DB5003BD0BB /* LoadFeedFromCacheUseCaseTests.swift in Sources */,
				FD8ECC7A26652D3D00E71718 /* EssentialFeedTests.swift in Sources */,
				FDF66119277D7E10003BD0BB /* EssentialFeedCacheIntegrationTests.swift in Sources */,
				FDF660B0277D750E003BD0BB /* ManagedCache.swift in Sources */,
				FDF660B8277D7516003BD0BB /* FeedImage.swift in Sources */,
				FDF66103277D7C14003BD0BB /* EssentialFeedAPIEndToEndTests.swift in Sources */,
				FDF66114277D7DAB003BD0BB /* ValidateFeedCacheUseCaseTests.swift in Sources */,
				FDF660AB277D7508003BD0BB /* FeedStore.swift in Sources */,
				FDF660B7277D7512003BD0BB /* RemoteFeedItem.swift in Sources */,
				FDF660B6277D7512003BD0BB /* URLSessionHTTPClient.swift in Sources */,
				FDF66100277D7B5B003BD0BB /* CoreDataFeedStore.swift in Sources */,
				FDF66106277D7C5C003BD0BB /* FeedStoreSpy.swift in Sources */,
				FDF660B2277D750E003BD0BB /* CoreDataHelpers.swift in Sources */,
				FDF660FB277D7B04003BD0BB /* CoreDataFeedStoreTests.swift in Sources */,
				FD8C182826C4C569004C8421 /* SharedTestHelpers.swift in Sources */,
				FDF660A9277D7508003BD0BB /* LocalFeedLoader.swift in Sources */,
				FD8920712688FBE200C7E60A /* URLSessionHTTPClientTests.swift in Sources */,
				FDF660B5277D7512003BD0BB /* RemoteFeedLoader.swift in Sources */,
				FDF660B9277D7516003BD0BB /* FeedLoader.swift in Sources */,
				FDEB91BD26E2A54100C22894 /* FeedStoreSpecs.swift in Sources */,
				FD930A4526AC6C050095F0E4 /* XCTCaseTrackMemoryLeakTracking.swift in Sources */,
				FDEB91BF26E2A75000C22894 /* XCTestCase+FeedStoreSpecs.swift in Sources */,
				FDF660AF277D750E003BD0BB /* ManagedFeedImage.swift in Sources */,
			);
			runOnlyForDeploymentPostprocessing = 0;
		};
		FD930A4826AE04350095F0E4 /* Sources */ = {
			isa = PBXSourcesBuildPhase;
			buildActionMask = 2147483647;
			files = (
				FD930A5626AE1D490095F0E4 /* XCTCaseTrackMemoryLeakTracking.swift in Sources */,
				FD8C182726C4C569004C8421 /* SharedTestHelpers.swift in Sources */,
				FDF660CD277D768E003BD0BB /* FeedLoader.swift in Sources */,
				FDF660D3277D76FA003BD0BB /* RemoteFeedItem.swift in Sources */,
				FDF660CE277D768E003BD0BB /* FeedImage.swift in Sources */,
			);
			runOnlyForDeploymentPostprocessing = 0;
		};
		FDF6609D277D7484003BD0BB /* Sources */ = {
			isa = PBXSourcesBuildPhase;
			buildActionMask = 2147483647;
			files = (
				FDF660DA277D776F003BD0BB /* LocalFeedImage.swift in Sources */,
				FDF6611C277D7EEB003BD0BB /* FeedStore.xcdatamodeld in Sources */,
				FDF66128277E24E6003BD0BB /* FeedLoader.swift in Sources */,
				FDF9C4E4279239650080EAE0 /* UITableView+Dequeueing.swift in Sources */,
				FDF660C8277D7658003BD0BB /* RemoteFeedItem.swift in Sources */,
				FDF66129277E2522003BD0BB /* FeedImage.swift in Sources */,
			);
			runOnlyForDeploymentPostprocessing = 0;
		};
		FDFBCE8C277D2FDB005DAF73 /* Sources */ = {
			isa = PBXSourcesBuildPhase;
			buildActionMask = 2147483647;
			files = (
				FD9FD5F82789EEDC00B7A5EE /* FeedPresenter.swift in Sources */,
				FD35CD3527822BF000811907 /* FeedImageDataLoader.swift in Sources */,
				FD35CD9A2783B17300811907 /* FeedUIComposer.swift in Sources */,
				FDF9C4E22792390A0080EAE0 /* UITableView+Dequeueing.swift in Sources */,
				FD9FD601278B42CE00B7A5EE /* FeedImageViewModel.swift in Sources */,
				FD9FD5FB278B409100B7A5EE /* FeedImagePresenter.swift in Sources */,
				FDF6612C2780DB15003BD0BB /* FeedImageCell.swift in Sources */,
				FDF66131278103F0003BD0BB /* UIView+Shimmering.swift in Sources */,
				FD35CD6227823CAC00811907 /* FeedImageCellController.swift in Sources */,
				FD35CD9B2783B1BA00811907 /* FeedViewController.swift in Sources */,
				FDE3AE4F2798768500E850E1 /* UIImageView+Animations.swift in Sources */,
			);
			runOnlyForDeploymentPostprocessing = 0;
		};
		FDFBCE95277D2FDD005DAF73 /* Sources */ = {
			isa = PBXSourcesBuildPhase;
			buildActionMask = 2147483647;
			files = (
				FDF6612A277E26A6003BD0BB /* XCTCaseTrackMemoryLeakTracking.swift in Sources */,
				FD35CD982783B0E600811907 /* FeedUIComposer.swift in Sources */,
				FD35CD512782327B00811907 /* FeedViewControllerTests+LoaderSpy.swift in Sources */,
				FDF9C4E3279239630080EAE0 /* UITableView+Dequeueing.swift in Sources */,
				FD35CD4027822E9E00811907 /* UIRefreshControl+TestHelpers.swift in Sources */,
				FDF661322781040D003BD0BB /* UIView+Shimmering.swift in Sources */,
				FD35CD6827824B3500811907 /* FeedImageCellController.swift in Sources */,
				FD35CD532782336300811907 /* FeedViewControllerTests+Assertions.swift in Sources */,
				FD35CD4427822F1B00811907 /* UIControl+TestHelpers.swift in Sources */,
				FD9FD5F92789F03900B7A5EE /* FeedPresenter.swift in Sources */,
				FD35CD9C2783B1BA00811907 /* FeedViewController.swift in Sources */,
				FD35CD4727822FEC00811907 /* FeedViewController+TestHelpers.swift in Sources */,
				FDF6612F2780DB61003BD0BB /* FeedImageCell.swift in Sources */,
				FD35CD4F2782322800811907 /* FeedImageCell+TestHelpers.swift in Sources */,
				FD9FD603278B42D900B7A5EE /* FeedImageViewModel.swift in Sources */,
				FD35CD4227822ED500811907 /* UIButton+TestHelpers.swift in Sources */,
				FD35CD3D27822E5100811907 /* UIImage+TestHelpers.swift in Sources */,
				FD35CD4C2782311D00811907 /* FeedImageDataLoader.swift in Sources */,
				FD9FD602278B42D600B7A5EE /* FeedImagePresenter.swift in Sources */,
				FDFBCE9F277D2FDD005DAF73 /* EssentialFeediOSTests.swift in Sources */,
			);
			runOnlyForDeploymentPostprocessing = 0;
		};
/* End PBXSourcesBuildPhase section */

/* Begin PBXTargetDependency section */
		FDF66126277E2402003BD0BB /* PBXTargetDependency */ = {
			isa = PBXTargetDependency;
			platformFilter = ios;
			target = FDF660A0277D7484003BD0BB /* EssentialFeed */;
			targetProxy = FDF66125277E2402003BD0BB /* PBXContainerItemProxy */;
		};
		FDFBCE9C277D2FDD005DAF73 /* PBXTargetDependency */ = {
			isa = PBXTargetDependency;
			target = FDFBCE8F277D2FDB005DAF73 /* EssentialFeediOS */;
			targetProxy = FDFBCE9B277D2FDD005DAF73 /* PBXContainerItemProxy */;
		};
/* End PBXTargetDependency section */

/* Begin PBXVariantGroup section */
		FD8ECC6C26652D3D00E71718 /* Main.storyboard */ = {
			isa = PBXVariantGroup;
			children = (
				FD8ECC6D26652D3D00E71718 /* Base */,
			);
			name = Main.storyboard;
			sourceTree = "<group>";
		};
/* End PBXVariantGroup section */

/* Begin XCBuildConfiguration section */
		FD3560322741DC9100E3B852 /* Debug */ = {
			isa = XCBuildConfiguration;
			buildSettings = {
				CODE_SIGN_IDENTITY = "Apple Development";
				CODE_SIGN_STYLE = Automatic;
				COMBINE_HIDPI_IMAGES = YES;
				DEVELOPMENT_TEAM = LX84G6PTJX;
				INFOPLIST_FILE = EssentialFeedCacheIntegrationTests.plist;
				LD_RUNPATH_SEARCH_PATHS = (
					"$(inherited)",
					"@executable_path/../Frameworks",
					"@loader_path/../Frameworks",
				);
				PRODUCT_BUNDLE_IDENTIFIER = eddyash.EssentialFeedAPIEndToEndTests;
				PRODUCT_NAME = "$(TARGET_NAME)";
				SUPPORTED_PLATFORMS = "macosx iphonesimulator iphoneos";
				SWIFT_VERSION = 5.0;
			};
			name = Debug;
		};
		FD3560332741DC9100E3B852 /* Release */ = {
			isa = XCBuildConfiguration;
			buildSettings = {
				CODE_SIGN_IDENTITY = "Apple Development";
				CODE_SIGN_STYLE = Automatic;
				COMBINE_HIDPI_IMAGES = YES;
				DEVELOPMENT_TEAM = LX84G6PTJX;
				INFOPLIST_FILE = EssentialFeedCacheIntegrationTests.plist;
				LD_RUNPATH_SEARCH_PATHS = (
					"$(inherited)",
					"@executable_path/../Frameworks",
					"@loader_path/../Frameworks",
				);
				PRODUCT_BUNDLE_IDENTIFIER = eddyash.EssentialFeedAPIEndToEndTests;
				PRODUCT_NAME = "$(TARGET_NAME)";
				SUPPORTED_PLATFORMS = "macosx iphonesimulator iphoneos";
				SWIFT_VERSION = 5.0;
			};
			name = Release;
		};
		FD8ECC8726652D3D00E71718 /* Debug */ = {
			isa = XCBuildConfiguration;
			buildSettings = {
				ALWAYS_SEARCH_USER_PATHS = NO;
				CLANG_ANALYZER_NONNULL = YES;
				CLANG_ANALYZER_NUMBER_OBJECT_CONVERSION = YES_AGGRESSIVE;
				CLANG_CXX_LANGUAGE_STANDARD = "gnu++14";
				CLANG_CXX_LIBRARY = "libc++";
				CLANG_ENABLE_MODULES = YES;
				CLANG_ENABLE_OBJC_ARC = YES;
				CLANG_ENABLE_OBJC_WEAK = YES;
				CLANG_WARN_BLOCK_CAPTURE_AUTORELEASING = YES;
				CLANG_WARN_BOOL_CONVERSION = YES;
				CLANG_WARN_COMMA = YES;
				CLANG_WARN_CONSTANT_CONVERSION = YES;
				CLANG_WARN_DEPRECATED_OBJC_IMPLEMENTATIONS = YES;
				CLANG_WARN_DIRECT_OBJC_ISA_USAGE = YES_ERROR;
				CLANG_WARN_DOCUMENTATION_COMMENTS = YES;
				CLANG_WARN_EMPTY_BODY = YES;
				CLANG_WARN_ENUM_CONVERSION = YES;
				CLANG_WARN_INFINITE_RECURSION = YES;
				CLANG_WARN_INT_CONVERSION = YES;
				CLANG_WARN_NON_LITERAL_NULL_CONVERSION = YES;
				CLANG_WARN_OBJC_IMPLICIT_RETAIN_SELF = YES;
				CLANG_WARN_OBJC_LITERAL_CONVERSION = YES;
				CLANG_WARN_OBJC_ROOT_CLASS = YES_ERROR;
				CLANG_WARN_QUOTED_INCLUDE_IN_FRAMEWORK_HEADER = YES;
				CLANG_WARN_RANGE_LOOP_ANALYSIS = YES;
				CLANG_WARN_STRICT_PROTOTYPES = YES;
				CLANG_WARN_SUSPICIOUS_MOVE = YES;
				CLANG_WARN_UNGUARDED_AVAILABILITY = YES_AGGRESSIVE;
				CLANG_WARN_UNREACHABLE_CODE = YES;
				CLANG_WARN__DUPLICATE_METHOD_MATCH = YES;
				COPY_PHASE_STRIP = NO;
				DEBUG_INFORMATION_FORMAT = dwarf;
				ENABLE_STRICT_OBJC_MSGSEND = YES;
				ENABLE_TESTABILITY = YES;
				GCC_C_LANGUAGE_STANDARD = gnu11;
				GCC_DYNAMIC_NO_PIC = NO;
				GCC_NO_COMMON_BLOCKS = YES;
				GCC_OPTIMIZATION_LEVEL = 0;
				GCC_PREPROCESSOR_DEFINITIONS = (
					"DEBUG=1",
					"$(inherited)",
				);
				GCC_WARN_64_TO_32_BIT_CONVERSION = YES;
				GCC_WARN_ABOUT_RETURN_TYPE = YES_ERROR;
				GCC_WARN_UNDECLARED_SELECTOR = YES;
				GCC_WARN_UNINITIALIZED_AUTOS = YES_AGGRESSIVE;
				GCC_WARN_UNUSED_FUNCTION = YES;
				GCC_WARN_UNUSED_VARIABLE = YES;
				MACOSX_DEPLOYMENT_TARGET = 11.3;
				MTL_ENABLE_DEBUG_INFO = INCLUDE_SOURCE;
				MTL_FAST_MATH = YES;
				ONLY_ACTIVE_ARCH = YES;
				SDKROOT = macosx;
				SUPPORTED_PLATFORMS = "macosx iphoneos iphonesimulator";
				SWIFT_ACTIVE_COMPILATION_CONDITIONS = DEBUG;
				SWIFT_OPTIMIZATION_LEVEL = "-Onone";
			};
			name = Debug;
		};
		FD8ECC8826652D3D00E71718 /* Release */ = {
			isa = XCBuildConfiguration;
			buildSettings = {
				ALWAYS_SEARCH_USER_PATHS = NO;
				CLANG_ANALYZER_NONNULL = YES;
				CLANG_ANALYZER_NUMBER_OBJECT_CONVERSION = YES_AGGRESSIVE;
				CLANG_CXX_LANGUAGE_STANDARD = "gnu++14";
				CLANG_CXX_LIBRARY = "libc++";
				CLANG_ENABLE_MODULES = YES;
				CLANG_ENABLE_OBJC_ARC = YES;
				CLANG_ENABLE_OBJC_WEAK = YES;
				CLANG_WARN_BLOCK_CAPTURE_AUTORELEASING = YES;
				CLANG_WARN_BOOL_CONVERSION = YES;
				CLANG_WARN_COMMA = YES;
				CLANG_WARN_CONSTANT_CONVERSION = YES;
				CLANG_WARN_DEPRECATED_OBJC_IMPLEMENTATIONS = YES;
				CLANG_WARN_DIRECT_OBJC_ISA_USAGE = YES_ERROR;
				CLANG_WARN_DOCUMENTATION_COMMENTS = YES;
				CLANG_WARN_EMPTY_BODY = YES;
				CLANG_WARN_ENUM_CONVERSION = YES;
				CLANG_WARN_INFINITE_RECURSION = YES;
				CLANG_WARN_INT_CONVERSION = YES;
				CLANG_WARN_NON_LITERAL_NULL_CONVERSION = YES;
				CLANG_WARN_OBJC_IMPLICIT_RETAIN_SELF = YES;
				CLANG_WARN_OBJC_LITERAL_CONVERSION = YES;
				CLANG_WARN_OBJC_ROOT_CLASS = YES_ERROR;
				CLANG_WARN_QUOTED_INCLUDE_IN_FRAMEWORK_HEADER = YES;
				CLANG_WARN_RANGE_LOOP_ANALYSIS = YES;
				CLANG_WARN_STRICT_PROTOTYPES = YES;
				CLANG_WARN_SUSPICIOUS_MOVE = YES;
				CLANG_WARN_UNGUARDED_AVAILABILITY = YES_AGGRESSIVE;
				CLANG_WARN_UNREACHABLE_CODE = YES;
				CLANG_WARN__DUPLICATE_METHOD_MATCH = YES;
				COPY_PHASE_STRIP = NO;
				DEBUG_INFORMATION_FORMAT = "dwarf-with-dsym";
				ENABLE_NS_ASSERTIONS = NO;
				ENABLE_STRICT_OBJC_MSGSEND = YES;
				GCC_C_LANGUAGE_STANDARD = gnu11;
				GCC_NO_COMMON_BLOCKS = YES;
				GCC_WARN_64_TO_32_BIT_CONVERSION = YES;
				GCC_WARN_ABOUT_RETURN_TYPE = YES_ERROR;
				GCC_WARN_UNDECLARED_SELECTOR = YES;
				GCC_WARN_UNINITIALIZED_AUTOS = YES_AGGRESSIVE;
				GCC_WARN_UNUSED_FUNCTION = YES;
				GCC_WARN_UNUSED_VARIABLE = YES;
				MACOSX_DEPLOYMENT_TARGET = 11.3;
				MTL_ENABLE_DEBUG_INFO = NO;
				MTL_FAST_MATH = YES;
				SDKROOT = macosx;
				SUPPORTED_PLATFORMS = "macosx iphoneos iphonesimulator";
				SWIFT_COMPILATION_MODE = wholemodule;
				SWIFT_OPTIMIZATION_LEVEL = "-O";
			};
			name = Release;
		};
		FD8ECC8D26652D3D00E71718 /* Debug */ = {
			isa = XCBuildConfiguration;
			buildSettings = {
				ALWAYS_EMBED_SWIFT_STANDARD_LIBRARIES = YES;
				CODE_SIGN_STYLE = Automatic;
				COMBINE_HIDPI_IMAGES = YES;
				DEVELOPMENT_TEAM = LX84G6PTJX;
				INFOPLIST_FILE = EssentialFeedTests/Info.plist;
				LD_RUNPATH_SEARCH_PATHS = (
					"$(inherited)",
					"@executable_path/../Frameworks",
					"@loader_path/../Frameworks",
				);
				MACOSX_DEPLOYMENT_TARGET = 11.3;
				PRODUCT_BUNDLE_IDENTIFIER = eddyash.EssentialFeedTests;
				PRODUCT_NAME = "$(TARGET_NAME)";
				SUPPORTED_PLATFORMS = "macosx iphonesimulator iphoneos";
				SWIFT_VERSION = 5.0;
			};
			name = Debug;
		};
		FD8ECC8E26652D3D00E71718 /* Release */ = {
			isa = XCBuildConfiguration;
			buildSettings = {
				ALWAYS_EMBED_SWIFT_STANDARD_LIBRARIES = YES;
				CODE_SIGN_STYLE = Automatic;
				COMBINE_HIDPI_IMAGES = YES;
				DEVELOPMENT_TEAM = LX84G6PTJX;
				INFOPLIST_FILE = EssentialFeedTests/Info.plist;
				LD_RUNPATH_SEARCH_PATHS = (
					"$(inherited)",
					"@executable_path/../Frameworks",
					"@loader_path/../Frameworks",
				);
				MACOSX_DEPLOYMENT_TARGET = 11.3;
				PRODUCT_BUNDLE_IDENTIFIER = eddyash.EssentialFeedTests;
				PRODUCT_NAME = "$(TARGET_NAME)";
				SUPPORTED_PLATFORMS = "macosx iphonesimulator iphoneos";
				SWIFT_VERSION = 5.0;
			};
			name = Release;
		};
		FD930A5426AE04350095F0E4 /* Debug */ = {
			isa = XCBuildConfiguration;
			buildSettings = {
				CODE_SIGN_IDENTITY = "Apple Development";
				CODE_SIGN_STYLE = Automatic;
				COMBINE_HIDPI_IMAGES = YES;
				DEVELOPMENT_TEAM = LX84G6PTJX;
				INFOPLIST_FILE = EssentialFeedAPIEndToEndTests/Info.plist;
				LD_RUNPATH_SEARCH_PATHS = (
					"$(inherited)",
					"@executable_path/../Frameworks",
					"@loader_path/../Frameworks",
				);
				PRODUCT_BUNDLE_IDENTIFIER = eddyash.EssentialFeedAPIEndToEndTests;
				PRODUCT_NAME = "$(TARGET_NAME)";
				SUPPORTED_PLATFORMS = "macosx iphonesimulator iphoneos";
				SWIFT_VERSION = 5.0;
			};
			name = Debug;
		};
		FD930A5526AE04350095F0E4 /* Release */ = {
			isa = XCBuildConfiguration;
			buildSettings = {
				CODE_SIGN_IDENTITY = "Apple Development";
				CODE_SIGN_STYLE = Automatic;
				COMBINE_HIDPI_IMAGES = YES;
				DEVELOPMENT_TEAM = LX84G6PTJX;
				INFOPLIST_FILE = EssentialFeedAPIEndToEndTests/Info.plist;
				LD_RUNPATH_SEARCH_PATHS = (
					"$(inherited)",
					"@executable_path/../Frameworks",
					"@loader_path/../Frameworks",
				);
				PRODUCT_BUNDLE_IDENTIFIER = eddyash.EssentialFeedAPIEndToEndTests;
				PRODUCT_NAME = "$(TARGET_NAME)";
				SUPPORTED_PLATFORMS = "macosx iphonesimulator iphoneos";
				SWIFT_VERSION = 5.0;
			};
			name = Release;
		};
		FDF660A6277D7485003BD0BB /* Debug */ = {
			isa = XCBuildConfiguration;
			buildSettings = {
				CLANG_CXX_LANGUAGE_STANDARD = "gnu++17";
				CODE_SIGN_STYLE = Automatic;
				COMBINE_HIDPI_IMAGES = YES;
				CURRENT_PROJECT_VERSION = 1;
				DEFINES_MODULE = YES;
				DYLIB_COMPATIBILITY_VERSION = 1;
				DYLIB_CURRENT_VERSION = 1;
				DYLIB_INSTALL_NAME_BASE = "@rpath";
				GENERATE_INFOPLIST_FILE = YES;
				INFOPLIST_KEY_NSHumanReadableCopyright = "";
				INSTALL_PATH = "$(LOCAL_LIBRARY_DIR)/Frameworks";
				LD_RUNPATH_SEARCH_PATHS = (
					"$(inherited)",
					"@executable_path/../Frameworks",
					"@loader_path/Frameworks",
				);
				MACOSX_DEPLOYMENT_TARGET = 11.6;
				MARKETING_VERSION = 1.0;
				PRODUCT_BUNDLE_IDENTIFIER = eddyash.EssentialFeed;
				PRODUCT_NAME = "$(TARGET_NAME:c99extidentifier)";
				SKIP_INSTALL = YES;
				SWIFT_EMIT_LOC_STRINGS = YES;
				SWIFT_VERSION = 5.0;
				VERSIONING_SYSTEM = "apple-generic";
				VERSION_INFO_PREFIX = "";
			};
			name = Debug;
		};
		FDF660A7277D7485003BD0BB /* Release */ = {
			isa = XCBuildConfiguration;
			buildSettings = {
				CLANG_CXX_LANGUAGE_STANDARD = "gnu++17";
				CODE_SIGN_STYLE = Automatic;
				COMBINE_HIDPI_IMAGES = YES;
				CURRENT_PROJECT_VERSION = 1;
				DEFINES_MODULE = YES;
				DYLIB_COMPATIBILITY_VERSION = 1;
				DYLIB_CURRENT_VERSION = 1;
				DYLIB_INSTALL_NAME_BASE = "@rpath";
				GENERATE_INFOPLIST_FILE = YES;
				INFOPLIST_KEY_NSHumanReadableCopyright = "";
				INSTALL_PATH = "$(LOCAL_LIBRARY_DIR)/Frameworks";
				LD_RUNPATH_SEARCH_PATHS = (
					"$(inherited)",
					"@executable_path/../Frameworks",
					"@loader_path/Frameworks",
				);
				MACOSX_DEPLOYMENT_TARGET = 11.6;
				MARKETING_VERSION = 1.0;
				PRODUCT_BUNDLE_IDENTIFIER = eddyash.EssentialFeed;
				PRODUCT_NAME = "$(TARGET_NAME:c99extidentifier)";
				SKIP_INSTALL = YES;
				SWIFT_EMIT_LOC_STRINGS = YES;
				SWIFT_VERSION = 5.0;
				VERSIONING_SYSTEM = "apple-generic";
				VERSION_INFO_PREFIX = "";
			};
			name = Release;
		};
		FDFBCEA1277D2FDD005DAF73 /* Debug */ = {
			isa = XCBuildConfiguration;
			buildSettings = {
				CLANG_CXX_LANGUAGE_STANDARD = "gnu++17";
				CODE_SIGN_STYLE = Automatic;
				CURRENT_PROJECT_VERSION = 1;
				DEFINES_MODULE = YES;
				DYLIB_COMPATIBILITY_VERSION = 1;
				DYLIB_CURRENT_VERSION = 1;
				DYLIB_INSTALL_NAME_BASE = "@rpath";
				GENERATE_INFOPLIST_FILE = YES;
				INFOPLIST_KEY_NSHumanReadableCopyright = "";
				INSTALL_PATH = "$(LOCAL_LIBRARY_DIR)/Frameworks";
				IPHONEOS_DEPLOYMENT_TARGET = 15.0;
				LD_RUNPATH_SEARCH_PATHS = (
					"$(inherited)",
					"@executable_path/Frameworks",
					"@loader_path/Frameworks",
				);
				MARKETING_VERSION = 1.0;
				PRODUCT_BUNDLE_IDENTIFIER = eddyash.EssentialFeediOS;
				PRODUCT_NAME = "$(TARGET_NAME:c99extidentifier)";
				SDKROOT = iphoneos;
				SKIP_INSTALL = YES;
				SUPPORTED_PLATFORMS = "iphonesimulator iphoneos";
				SUPPORTS_MACCATALYST = NO;
				SWIFT_EMIT_LOC_STRINGS = YES;
				SWIFT_VERSION = 5.0;
				TARGETED_DEVICE_FAMILY = "1,2";
				VERSIONING_SYSTEM = "apple-generic";
				VERSION_INFO_PREFIX = "";
			};
			name = Debug;
		};
		FDFBCEA2277D2FDD005DAF73 /* Release */ = {
			isa = XCBuildConfiguration;
			buildSettings = {
				CLANG_CXX_LANGUAGE_STANDARD = "gnu++17";
				CODE_SIGN_STYLE = Automatic;
				CURRENT_PROJECT_VERSION = 1;
				DEFINES_MODULE = YES;
				DYLIB_COMPATIBILITY_VERSION = 1;
				DYLIB_CURRENT_VERSION = 1;
				DYLIB_INSTALL_NAME_BASE = "@rpath";
				GENERATE_INFOPLIST_FILE = YES;
				INFOPLIST_KEY_NSHumanReadableCopyright = "";
				INSTALL_PATH = "$(LOCAL_LIBRARY_DIR)/Frameworks";
				IPHONEOS_DEPLOYMENT_TARGET = 15.0;
				LD_RUNPATH_SEARCH_PATHS = (
					"$(inherited)",
					"@executable_path/Frameworks",
					"@loader_path/Frameworks",
				);
				MARKETING_VERSION = 1.0;
				PRODUCT_BUNDLE_IDENTIFIER = eddyash.EssentialFeediOS;
				PRODUCT_NAME = "$(TARGET_NAME:c99extidentifier)";
				SDKROOT = iphoneos;
				SKIP_INSTALL = YES;
				SUPPORTED_PLATFORMS = "iphonesimulator iphoneos";
				SUPPORTS_MACCATALYST = NO;
				SWIFT_EMIT_LOC_STRINGS = YES;
				SWIFT_VERSION = 5.0;
				TARGETED_DEVICE_FAMILY = "1,2";
				VALIDATE_PRODUCT = YES;
				VERSIONING_SYSTEM = "apple-generic";
				VERSION_INFO_PREFIX = "";
			};
			name = Release;
		};
		FDFBCEA3277D2FDD005DAF73 /* Debug */ = {
			isa = XCBuildConfiguration;
			buildSettings = {
				ALWAYS_EMBED_SWIFT_STANDARD_LIBRARIES = YES;
				CLANG_CXX_LANGUAGE_STANDARD = "gnu++17";
				CODE_SIGN_STYLE = Automatic;
				CURRENT_PROJECT_VERSION = 1;
				GENERATE_INFOPLIST_FILE = YES;
				IPHONEOS_DEPLOYMENT_TARGET = 15.0;
				LD_RUNPATH_SEARCH_PATHS = (
					"$(inherited)",
					"@executable_path/Frameworks",
					"@loader_path/Frameworks",
				);
				MARKETING_VERSION = 1.0;
				PRODUCT_BUNDLE_IDENTIFIER = eddyash.EssentialFeediOSTests;
				PRODUCT_NAME = "$(TARGET_NAME)";
				SDKROOT = iphoneos;
				SUPPORTED_PLATFORMS = "iphonesimulator iphoneos";
				SWIFT_EMIT_LOC_STRINGS = NO;
				SWIFT_VERSION = 5.0;
				TARGETED_DEVICE_FAMILY = "1,2";
			};
			name = Debug;
		};
		FDFBCEA4277D2FDD005DAF73 /* Release */ = {
			isa = XCBuildConfiguration;
			buildSettings = {
				ALWAYS_EMBED_SWIFT_STANDARD_LIBRARIES = YES;
				CLANG_CXX_LANGUAGE_STANDARD = "gnu++17";
				CODE_SIGN_STYLE = Automatic;
				CURRENT_PROJECT_VERSION = 1;
				GENERATE_INFOPLIST_FILE = YES;
				IPHONEOS_DEPLOYMENT_TARGET = 15.0;
				LD_RUNPATH_SEARCH_PATHS = (
					"$(inherited)",
					"@executable_path/Frameworks",
					"@loader_path/Frameworks",
				);
				MARKETING_VERSION = 1.0;
				PRODUCT_BUNDLE_IDENTIFIER = eddyash.EssentialFeediOSTests;
				PRODUCT_NAME = "$(TARGET_NAME)";
				SDKROOT = iphoneos;
				SUPPORTED_PLATFORMS = "iphonesimulator iphoneos";
				SWIFT_EMIT_LOC_STRINGS = NO;
				SWIFT_VERSION = 5.0;
				TARGETED_DEVICE_FAMILY = "1,2";
				VALIDATE_PRODUCT = YES;
			};
			name = Release;
		};
/* End XCBuildConfiguration section */

/* Begin XCConfigurationList section */
		FD3560312741DC9100E3B852 /* Build configuration list for PBXNativeTarget "EssentialFeedCacheIntegrationTests" */ = {
			isa = XCConfigurationList;
			buildConfigurations = (
				FD3560322741DC9100E3B852 /* Debug */,
				FD3560332741DC9100E3B852 /* Release */,
			);
			defaultConfigurationIsVisible = 0;
			defaultConfigurationName = Release;
		};
		FD8ECC5E26652D3C00E71718 /* Build configuration list for PBXProject "EssentialFeed" */ = {
			isa = XCConfigurationList;
			buildConfigurations = (
				FD8ECC8726652D3D00E71718 /* Debug */,
				FD8ECC8826652D3D00E71718 /* Release */,
			);
			defaultConfigurationIsVisible = 0;
			defaultConfigurationName = Release;
		};
		FD8ECC8C26652D3D00E71718 /* Build configuration list for PBXNativeTarget "EssentialFeedTests" */ = {
			isa = XCConfigurationList;
			buildConfigurations = (
				FD8ECC8D26652D3D00E71718 /* Debug */,
				FD8ECC8E26652D3D00E71718 /* Release */,
			);
			defaultConfigurationIsVisible = 0;
			defaultConfigurationName = Release;
		};
		FD930A5326AE04350095F0E4 /* Build configuration list for PBXNativeTarget "EssentialFeedAPIEndToEndTests" */ = {
			isa = XCConfigurationList;
			buildConfigurations = (
				FD930A5426AE04350095F0E4 /* Debug */,
				FD930A5526AE04350095F0E4 /* Release */,
			);
			defaultConfigurationIsVisible = 0;
			defaultConfigurationName = Release;
		};
		FDF660A5277D7485003BD0BB /* Build configuration list for PBXNativeTarget "EssentialFeed" */ = {
			isa = XCConfigurationList;
			buildConfigurations = (
				FDF660A6277D7485003BD0BB /* Debug */,
				FDF660A7277D7485003BD0BB /* Release */,
			);
			defaultConfigurationIsVisible = 0;
			defaultConfigurationName = Release;
		};
		FDFBCEA5277D2FDD005DAF73 /* Build configuration list for PBXNativeTarget "EssentialFeediOS" */ = {
			isa = XCConfigurationList;
			buildConfigurations = (
				FDFBCEA1277D2FDD005DAF73 /* Debug */,
				FDFBCEA2277D2FDD005DAF73 /* Release */,
			);
			defaultConfigurationIsVisible = 0;
			defaultConfigurationName = Release;
		};
		FDFBCEA6277D2FDD005DAF73 /* Build configuration list for PBXNativeTarget "EssentialFeediOSTests" */ = {
			isa = XCConfigurationList;
			buildConfigurations = (
				FDFBCEA3277D2FDD005DAF73 /* Debug */,
				FDFBCEA4277D2FDD005DAF73 /* Release */,
			);
			defaultConfigurationIsVisible = 0;
			defaultConfigurationName = Release;
		};
/* End XCConfigurationList section */

/* Begin XCVersionGroup section */
		FD355E3C273C02A000E3B852 /* FeedStore.xcdatamodeld */ = {
			isa = XCVersionGroup;
			children = (
				FD355E3D273C02A000E3B852 /* ManagedCache.xcdatamodel */,
				FD355E3E273C02A000E3B852 /* FeedStoreCoreDataModel.xcdatamodel */,
			);
			currentVersion = FD355E3D273C02A000E3B852 /* ManagedCache.xcdatamodel */;
			path = FeedStore.xcdatamodeld;
			sourceTree = "<group>";
			versionGroupType = wrapper.xcdatamodel;
		};
/* End XCVersionGroup section */
	};
	rootObject = FD8ECC5B26652D3C00E71718 /* Project object */;
}
